PODS:
  - Localize-Swift (1.6)
  - PKHUD (4.0.0)

DEPENDENCIES:
  - Localize-Swift
  - PKHUD (~> 4.0)

SPEC CHECKSUMS:
  Localize-Swift: d34c70b34ffb1468b2942c3f0b5c1dfd9119877e
  PKHUD: 2bb45c936bb8afa39f3cd33ec14e8cc89f624255

PODFILE CHECKSUM: 8a2643414bbc4e71c892700d9576770d551132ae

COCOAPODS: 1.1.1
