PODS:
  - Localize-Swift (1.6)
  - PKHUD (4.0.0)
  - SwiftyJSON (3.1.3)

DEPENDENCIES:
  - Localize-Swift
  - PKHUD (~> 4.0)
  - SwiftyJSON

SPEC CHECKSUMS:
  Localize-Swift: d34c70b34ffb1468b2942c3f0b5c1dfd9119877e
  PKHUD: 2bb45c936bb8afa39f3cd33ec14e8cc89f624255
  SwiftyJSON: 38a8ea2006779c0fc4c310cb2ee8195327740faf

PODFILE CHECKSUM: 2832fc54ffe5ff5ce130a12fe3eb45565f6d1301

COCOAPODS: 1.1.1
