// !$*UTF8*$!
{
	archiveVersion = 1;
	classes = {
	};
	objectVersion = 46;
	objects = {

/* Begin PBXBuildFile section */
		52949BC23A183914DF6D1992 /* Pods_Snap2Save.framework in Frameworks */ = {isa = PBXBuildFile; fileRef = 70471D2506ED2958DD55B987 /* Pods_Snap2Save.framework */; };
		6FB268A6557A795CAD814A61 /* Pods_Snap2SaveUITests.framework in Frameworks */ = {isa = PBXBuildFile; fileRef = 95C10791D8C680864FEE2148 /* Pods_Snap2SaveUITests.framework */; };
		9737ED0C1E14042400120B54 /* ChangePasswordTVC.swift in Sources */ = {isa = PBXBuildFile; fileRef = 9737ED0B1E14042400120B54 /* ChangePasswordTVC.swift */; };
		9759BE781E0A65AA00A5C76A /* SignUpTVC.swift in Sources */ = {isa = PBXBuildFile; fileRef = 9759BE771E0A65AA00A5C76A /* SignUpTVC.swift */; };
		977B64F51E163B5600AA802D /* User.swift in Sources */ = {isa = PBXBuildFile; fileRef = 977B64F41E163B5600AA802D /* User.swift */; };
		977B64F71E16407A00AA802D /* AdditionalInformation.swift in Sources */ = {isa = PBXBuildFile; fileRef = 977B64F61E16407A00AA802D /* AdditionalInformation.swift */; };
		978729DD1E0937B000908301 /* Constants.swift in Sources */ = {isa = PBXBuildFile; fileRef = 978729DC1E0937B000908301 /* Constants.swift */; };
		97E4338B1E10E5F10095EABA /* USStateAbbreviations.plist in Resources */ = {isa = PBXBuildFile; fileRef = 97E4338A1E10E5F10095EABA /* USStateAbbreviations.plist */; };
		E81B74AC1E1105EA00D5EC61 /* LanguageUtility.swift in Sources */ = {isa = PBXBuildFile; fileRef = E81B74AB1E1105EA00D5EC61 /* LanguageUtility.swift */; };
		E822839E1E0A61F4008FE084 /* Home.storyboard in Resources */ = {isa = PBXBuildFile; fileRef = E82283A01E0A61F4008FE084 /* Home.storyboard */; };
		E82283AA1E0A72BC008FE084 /* EBTWebView.swift in Sources */ = {isa = PBXBuildFile; fileRef = E82283A91E0A72BC008FE084 /* EBTWebView.swift */; };
		E82283AC1E0A72D3008FE084 /* BrowserVC.swift in Sources */ = {isa = PBXBuildFile; fileRef = E82283AB1E0A72D3008FE084 /* BrowserVC.swift */; };
		E826FBCD1E0917BD0089AEA6 /* AppHelper.swift in Sources */ = {isa = PBXBuildFile; fileRef = E826FBCC1E0917BD0089AEA6 /* AppHelper.swift */; };
		E826FBD21E0940A20089AEA6 /* ServicesTVC.swift in Sources */ = {isa = PBXBuildFile; fileRef = E826FBD11E0940A20089AEA6 /* ServicesTVC.swift */; };
		E826FBD61E0946970089AEA6 /* EBTLoginTVC.swift in Sources */ = {isa = PBXBuildFile; fileRef = E826FBD51E0946970089AEA6 /* EBTLoginTVC.swift */; };
		E826FBDA1E094F720089AEA6 /* AIPlaceHolderTextField.xib in Resources */ = {isa = PBXBuildFile; fileRef = E826FBD91E094F720089AEA6 /* AIPlaceHolderTextField.xib */; };
		E826FBDC1E094FF80089AEA6 /* AIPlaceHolderTextField.swift in Sources */ = {isa = PBXBuildFile; fileRef = E826FBDB1E094FF80089AEA6 /* AIPlaceHolderTextField.swift */; };
		E83155F81E1A37E5001D30D2 /* accountSummary.html in Resources */ = {isa = PBXBuildFile; fileRef = E83155EF1E1A37E5001D30D2 /* accountSummary.html */; };
		E83155F91E1A37E5001D30D2 /* agree.html in Resources */ = {isa = PBXBuildFile; fileRef = E83155F01E1A37E5001D30D2 /* agree.html */; };
		E83155FA1E1A37E5001D30D2 /* cardNumber.html in Resources */ = {isa = PBXBuildFile; fileRef = E83155F11E1A37E5001D30D2 /* cardNumber.html */; };
		E83155FB1E1A37E5001D30D2 /* dob.html in Resources */ = {isa = PBXBuildFile; fileRef = E83155F21E1A37E5001D30D2 /* dob.html */; };
		E83155FC1E1A37E5001D30D2 /* emailValidation.html in Resources */ = {isa = PBXBuildFile; fileRef = E83155F31E1A37E5001D30D2 /* emailValidation.html */; };
		E83155FD1E1A37E5001D30D2 /* login.html in Resources */ = {isa = PBXBuildFile; fileRef = E83155F41E1A37E5001D30D2 /* login.html */; };
		E83155FE1E1A37E5001D30D2 /* pincode.html in Resources */ = {isa = PBXBuildFile; fileRef = E83155F51E1A37E5001D30D2 /* pincode.html */; };
		E83155FF1E1A37E5001D30D2 /* securityQuestion.html in Resources */ = {isa = PBXBuildFile; fileRef = E83155F61E1A37E5001D30D2 /* securityQuestion.html */; };
		E83156001E1A37E5001D30D2 /* userInformation.html in Resources */ = {isa = PBXBuildFile; fileRef = E83155F71E1A37E5001D30D2 /* userInformation.html */; };
		E83156021E1A561E001D30D2 /* EBTDashboardTVC.swift in Sources */ = {isa = PBXBuildFile; fileRef = E83156011E1A561E001D30D2 /* EBTDashboardTVC.swift */; };
		E83156041E1A5689001D30D2 /* EBTLoginSecurityQuestionTVC.swift in Sources */ = {isa = PBXBuildFile; fileRef = E83156031E1A5689001D30D2 /* EBTLoginSecurityQuestionTVC.swift */; };
		E83156061E1A7EA3001D30D2 /* DetailedCell.swift in Sources */ = {isa = PBXBuildFile; fileRef = E83156051E1A7EA3001D30D2 /* DetailedCell.swift */; };
		E83156081E1A7EB8001D30D2 /* DetailedSubtitleCell.swift in Sources */ = {isa = PBXBuildFile; fileRef = E83156071E1A7EB8001D30D2 /* DetailedSubtitleCell.swift */; };
		E84AE9CC1E07F2CA00C5E7F3 /* LoginVC.swift in Sources */ = {isa = PBXBuildFile; fileRef = E84AE9CB1E07F2CA00C5E7F3 /* LoginVC.swift */; };
		E84AE9D01E07F37D00C5E7F3 /* SignupAdditionalFieldsTVC.swift in Sources */ = {isa = PBXBuildFile; fileRef = E84AE9CF1E07F37D00C5E7F3 /* SignupAdditionalFieldsTVC.swift */; };
		E84AE9D31E07F47E00C5E7F3 /* WelcomePageVC.swift in Sources */ = {isa = PBXBuildFile; fileRef = E84AE9D21E07F47E00C5E7F3 /* WelcomePageVC.swift */; };
		E84AE9D51E07F4B100C5E7F3 /* ForgotPasswordVC.swift in Sources */ = {isa = PBXBuildFile; fileRef = E84AE9D41E07F4B100C5E7F3 /* ForgotPasswordVC.swift */; };
		E84AE9D71E07F4BC00C5E7F3 /* ResetPasswordVC.swift in Sources */ = {isa = PBXBuildFile; fileRef = E84AE9D61E07F4BC00C5E7F3 /* ResetPasswordVC.swift */; };
		E84AE9DA1E07F53300C5E7F3 /* AccountTVC.swift in Sources */ = {isa = PBXBuildFile; fileRef = E84AE9D91E07F53300C5E7F3 /* AccountTVC.swift */; };
		E84AE9DC1E07F57800C5E7F3 /* PersonalInformationTVC.swift in Sources */ = {isa = PBXBuildFile; fileRef = E84AE9DB1E07F57800C5E7F3 /* PersonalInformationTVC.swift */; };
		E84AE9DE1E07F5EE00C5E7F3 /* PreferencesTVC.swift in Sources */ = {isa = PBXBuildFile; fileRef = E84AE9DD1E07F5EE00C5E7F3 /* PreferencesTVC.swift */; };
		E84AE9E31E0821B900C5E7F3 /* AITextField.swift in Sources */ = {isa = PBXBuildFile; fileRef = E84AE9E21E0821B900C5E7F3 /* AITextField.swift */; };
		E85D89C01E1A8815009CCABB /* Lorem.swift in Sources */ = {isa = PBXBuildFile; fileRef = E85D89BF1E1A8815009CCABB /* Lorem.swift */; };
		E863CEBC1E1BE72E00049F28 /* OffersVC.swift in Sources */ = {isa = PBXBuildFile; fileRef = E863CEBB1E1BE72E00049F28 /* OffersVC.swift */; };
		E88BA54B1DF53C1300714C65 /* AppDelegate.swift in Sources */ = {isa = PBXBuildFile; fileRef = E88BA54A1DF53C1300714C65 /* AppDelegate.swift */; };
		E88BA5501DF53C1300714C65 /* Main.storyboard in Resources */ = {isa = PBXBuildFile; fileRef = E88BA54E1DF53C1300714C65 /* Main.storyboard */; };
		E88BA5521DF53C1300714C65 /* Assets.xcassets in Resources */ = {isa = PBXBuildFile; fileRef = E88BA5511DF53C1300714C65 /* Assets.xcassets */; };
		E88BA5551DF53C1300714C65 /* LaunchScreen.storyboard in Resources */ = {isa = PBXBuildFile; fileRef = E88BA5531DF53C1300714C65 /* LaunchScreen.storyboard */; };
		E88BA5601DF53C1300714C65 /* Snap2SaveTests.swift in Sources */ = {isa = PBXBuildFile; fileRef = E88BA55F1DF53C1300714C65 /* Snap2SaveTests.swift */; };
		E88BA56B1DF53C1300714C65 /* Snap2SaveUITests.swift in Sources */ = {isa = PBXBuildFile; fileRef = E88BA56A1DF53C1300714C65 /* Snap2SaveUITests.swift */; };
		E88BA57C1DF53D1500714C65 /* LandingVC.swift in Sources */ = {isa = PBXBuildFile; fileRef = E88BA57B1DF53D1500714C65 /* LandingVC.swift */; };
		E88BA59A1DF5B25D00714C65 /* Localizable.strings in Resources */ = {isa = PBXBuildFile; fileRef = E88BA59C1DF5B25D00714C65 /* Localizable.strings */; };
		E88C262D1E1539C900F4056F /* TabViewController.swift in Sources */ = {isa = PBXBuildFile; fileRef = E88C262C1E1539C900F4056F /* TabViewController.swift */; };
		E8BAE2A21E0BABEF00A85AAB /* EBTAuthenticationTVC.swift in Sources */ = {isa = PBXBuildFile; fileRef = E8BAE2A11E0BABEF00A85AAB /* EBTAuthenticationTVC.swift */; };
		E8BAE2A81E0BDEFD00A85AAB /* EBTCardNumberTVC.swift in Sources */ = {isa = PBXBuildFile; fileRef = E8BAE2A71E0BDEFD00A85AAB /* EBTCardNumberTVC.swift */; };
		E8BAE2AA1E0BDF2700A85AAB /* EBTDateOfBirthTVC.swift in Sources */ = {isa = PBXBuildFile; fileRef = E8BAE2A91E0BDF2700A85AAB /* EBTDateOfBirthTVC.swift */; };
		E8BAE2AC1E0BE24400A85AAB /* EBTSelectPinTVC.swift in Sources */ = {isa = PBXBuildFile; fileRef = E8BAE2AB1E0BE24400A85AAB /* EBTSelectPinTVC.swift */; };
		E8BAE2AF1E0BEF8000A85AAB /* EBTUserInformationTVC.swift in Sources */ = {isa = PBXBuildFile; fileRef = E8BAE2AE1E0BEF8000A85AAB /* EBTUserInformationTVC.swift */; };
		E8BAE2B11E0BF52E00A85AAB /* EBTConfirmationTVC.swift in Sources */ = {isa = PBXBuildFile; fileRef = E8BAE2B01E0BF52E00A85AAB /* EBTConfirmationTVC.swift */; };
		E8BAE2B31E0BF72F00A85AAB /* EBTSecurityQuestionTVC.swift in Sources */ = {isa = PBXBuildFile; fileRef = E8BAE2B21E0BF72F00A85AAB /* EBTSecurityQuestionTVC.swift */; };
		FA43FE8A82E9C8C5B9DE2160 /* Pods_Snap2SaveTests.framework in Frameworks */ = {isa = PBXBuildFile; fileRef = A18F168741D7F3E112F16B88 /* Pods_Snap2SaveTests.framework */; };
/* End PBXBuildFile section */

/* Begin PBXContainerItemProxy section */
		E88BA55C1DF53C1300714C65 /* PBXContainerItemProxy */ = {
			isa = PBXContainerItemProxy;
			containerPortal = E88BA53F1DF53C1300714C65 /* Project object */;
			proxyType = 1;
			remoteGlobalIDString = E88BA5461DF53C1300714C65;
			remoteInfo = Snap2Save;
		};
		E88BA5671DF53C1300714C65 /* PBXContainerItemProxy */ = {
			isa = PBXContainerItemProxy;
			containerPortal = E88BA53F1DF53C1300714C65 /* Project object */;
			proxyType = 1;
			remoteGlobalIDString = E88BA5461DF53C1300714C65;
			remoteInfo = Snap2Save;
		};
/* End PBXContainerItemProxy section */

/* Begin PBXFileReference section */
		0A04D45C935B15E8F8735FB7 /* Pods-Snap2SaveUITests.debug.xcconfig */ = {isa = PBXFileReference; includeInIndex = 1; lastKnownFileType = text.xcconfig; name = "Pods-Snap2SaveUITests.debug.xcconfig"; path = "Pods/Target Support Files/Pods-Snap2SaveUITests/Pods-Snap2SaveUITests.debug.xcconfig"; sourceTree = "<group>"; };
		23C55B236A435BA0D7B2F840 /* Pods-Snap2Save.debug.xcconfig */ = {isa = PBXFileReference; includeInIndex = 1; lastKnownFileType = text.xcconfig; name = "Pods-Snap2Save.debug.xcconfig"; path = "Pods/Target Support Files/Pods-Snap2Save/Pods-Snap2Save.debug.xcconfig"; sourceTree = "<group>"; };
		390369A27A4965626A26EA86 /* Pods-Snap2Save.release.xcconfig */ = {isa = PBXFileReference; includeInIndex = 1; lastKnownFileType = text.xcconfig; name = "Pods-Snap2Save.release.xcconfig"; path = "Pods/Target Support Files/Pods-Snap2Save/Pods-Snap2Save.release.xcconfig"; sourceTree = "<group>"; };
		6F98011C784DEC5A46937289 /* Pods-Snap2SaveTests.release.xcconfig */ = {isa = PBXFileReference; includeInIndex = 1; lastKnownFileType = text.xcconfig; name = "Pods-Snap2SaveTests.release.xcconfig"; path = "Pods/Target Support Files/Pods-Snap2SaveTests/Pods-Snap2SaveTests.release.xcconfig"; sourceTree = "<group>"; };
		70471D2506ED2958DD55B987 /* Pods_Snap2Save.framework */ = {isa = PBXFileReference; explicitFileType = wrapper.framework; includeInIndex = 0; path = Pods_Snap2Save.framework; sourceTree = BUILT_PRODUCTS_DIR; };
		95C10791D8C680864FEE2148 /* Pods_Snap2SaveUITests.framework */ = {isa = PBXFileReference; explicitFileType = wrapper.framework; includeInIndex = 0; path = Pods_Snap2SaveUITests.framework; sourceTree = BUILT_PRODUCTS_DIR; };
		9737ED0B1E14042400120B54 /* ChangePasswordTVC.swift */ = {isa = PBXFileReference; fileEncoding = 4; lastKnownFileType = sourcecode.swift; path = ChangePasswordTVC.swift; sourceTree = "<group>"; };
		9759BE771E0A65AA00A5C76A /* SignUpTVC.swift */ = {isa = PBXFileReference; fileEncoding = 4; lastKnownFileType = sourcecode.swift; path = SignUpTVC.swift; sourceTree = "<group>"; };
		977B64F41E163B5600AA802D /* User.swift */ = {isa = PBXFileReference; fileEncoding = 4; lastKnownFileType = sourcecode.swift; name = User.swift; path = Snap2Save/Controller/Account/User.swift; sourceTree = SOURCE_ROOT; };
		977B64F61E16407A00AA802D /* AdditionalInformation.swift */ = {isa = PBXFileReference; fileEncoding = 4; lastKnownFileType = sourcecode.swift; name = AdditionalInformation.swift; path = Snap2Save/Controller/Account/AdditionalInformation.swift; sourceTree = SOURCE_ROOT; };
		978729DC1E0937B000908301 /* Constants.swift */ = {isa = PBXFileReference; fileEncoding = 4; lastKnownFileType = sourcecode.swift; path = Constants.swift; sourceTree = "<group>"; };
		97E4338A1E10E5F10095EABA /* USStateAbbreviations.plist */ = {isa = PBXFileReference; fileEncoding = 4; lastKnownFileType = text.plist.xml; path = USStateAbbreviations.plist; sourceTree = "<group>"; };
		9FA0F034D23D4324814FDA78 /* Pods-Snap2SaveTests.debug.xcconfig */ = {isa = PBXFileReference; includeInIndex = 1; lastKnownFileType = text.xcconfig; name = "Pods-Snap2SaveTests.debug.xcconfig"; path = "Pods/Target Support Files/Pods-Snap2SaveTests/Pods-Snap2SaveTests.debug.xcconfig"; sourceTree = "<group>"; };
		A18F168741D7F3E112F16B88 /* Pods_Snap2SaveTests.framework */ = {isa = PBXFileReference; explicitFileType = wrapper.framework; includeInIndex = 0; path = Pods_Snap2SaveTests.framework; sourceTree = BUILT_PRODUCTS_DIR; };
		E81B74AB1E1105EA00D5EC61 /* LanguageUtility.swift */ = {isa = PBXFileReference; fileEncoding = 4; lastKnownFileType = sourcecode.swift; path = LanguageUtility.swift; sourceTree = "<group>"; };
		E822839F1E0A61F4008FE084 /* Base */ = {isa = PBXFileReference; lastKnownFileType = file.storyboard; name = Base; path = Base.lproj/Home.storyboard; sourceTree = "<group>"; };
		E82283A21E0A6AA5008FE084 /* es */ = {isa = PBXFileReference; lastKnownFileType = text.plist.strings; name = es; path = es.lproj/Home.strings; sourceTree = "<group>"; };
		E82283A91E0A72BC008FE084 /* EBTWebView.swift */ = {isa = PBXFileReference; fileEncoding = 4; lastKnownFileType = sourcecode.swift; path = EBTWebView.swift; sourceTree = "<group>"; };
		E82283AB1E0A72D3008FE084 /* BrowserVC.swift */ = {isa = PBXFileReference; fileEncoding = 4; lastKnownFileType = sourcecode.swift; path = BrowserVC.swift; sourceTree = "<group>"; };
		E826FBCC1E0917BD0089AEA6 /* AppHelper.swift */ = {isa = PBXFileReference; fileEncoding = 4; lastKnownFileType = sourcecode.swift; path = AppHelper.swift; sourceTree = "<group>"; };
		E826FBD11E0940A20089AEA6 /* ServicesTVC.swift */ = {isa = PBXFileReference; fileEncoding = 4; lastKnownFileType = sourcecode.swift; path = ServicesTVC.swift; sourceTree = "<group>"; };
		E826FBD51E0946970089AEA6 /* EBTLoginTVC.swift */ = {isa = PBXFileReference; fileEncoding = 4; lastKnownFileType = sourcecode.swift; path = EBTLoginTVC.swift; sourceTree = "<group>"; };
		E826FBD91E094F720089AEA6 /* AIPlaceHolderTextField.xib */ = {isa = PBXFileReference; fileEncoding = 4; lastKnownFileType = file.xib; path = AIPlaceHolderTextField.xib; sourceTree = "<group>"; };
		E826FBDB1E094FF80089AEA6 /* AIPlaceHolderTextField.swift */ = {isa = PBXFileReference; fileEncoding = 4; lastKnownFileType = sourcecode.swift; path = AIPlaceHolderTextField.swift; sourceTree = "<group>"; };
		E83155EF1E1A37E5001D30D2 /* accountSummary.html */ = {isa = PBXFileReference; fileEncoding = 4; lastKnownFileType = text.html; path = accountSummary.html; sourceTree = "<group>"; };
		E83155F01E1A37E5001D30D2 /* agree.html */ = {isa = PBXFileReference; fileEncoding = 4; lastKnownFileType = text.html; path = agree.html; sourceTree = "<group>"; };
		E83155F11E1A37E5001D30D2 /* cardNumber.html */ = {isa = PBXFileReference; fileEncoding = 4; lastKnownFileType = text.html; path = cardNumber.html; sourceTree = "<group>"; };
		E83155F21E1A37E5001D30D2 /* dob.html */ = {isa = PBXFileReference; fileEncoding = 4; lastKnownFileType = text.html; path = dob.html; sourceTree = "<group>"; };
		E83155F31E1A37E5001D30D2 /* emailValidation.html */ = {isa = PBXFileReference; fileEncoding = 4; lastKnownFileType = text.html; path = emailValidation.html; sourceTree = "<group>"; };
		E83155F41E1A37E5001D30D2 /* login.html */ = {isa = PBXFileReference; fileEncoding = 4; lastKnownFileType = text.html; path = login.html; sourceTree = "<group>"; };
		E83155F51E1A37E5001D30D2 /* pincode.html */ = {isa = PBXFileReference; fileEncoding = 4; lastKnownFileType = text.html; path = pincode.html; sourceTree = "<group>"; };
		E83155F61E1A37E5001D30D2 /* securityQuestion.html */ = {isa = PBXFileReference; fileEncoding = 4; lastKnownFileType = text.html; path = securityQuestion.html; sourceTree = "<group>"; };
		E83155F71E1A37E5001D30D2 /* userInformation.html */ = {isa = PBXFileReference; fileEncoding = 4; lastKnownFileType = text.html; path = userInformation.html; sourceTree = "<group>"; };
		E83156011E1A561E001D30D2 /* EBTDashboardTVC.swift */ = {isa = PBXFileReference; fileEncoding = 4; lastKnownFileType = sourcecode.swift; path = EBTDashboardTVC.swift; sourceTree = "<group>"; };
		E83156031E1A5689001D30D2 /* EBTLoginSecurityQuestionTVC.swift */ = {isa = PBXFileReference; fileEncoding = 4; lastKnownFileType = sourcecode.swift; path = EBTLoginSecurityQuestionTVC.swift; sourceTree = "<group>"; };
		E83156051E1A7EA3001D30D2 /* DetailedCell.swift */ = {isa = PBXFileReference; fileEncoding = 4; lastKnownFileType = sourcecode.swift; path = DetailedCell.swift; sourceTree = "<group>"; };
		E83156071E1A7EB8001D30D2 /* DetailedSubtitleCell.swift */ = {isa = PBXFileReference; fileEncoding = 4; lastKnownFileType = sourcecode.swift; path = DetailedSubtitleCell.swift; sourceTree = "<group>"; };
		E84AE9CB1E07F2CA00C5E7F3 /* LoginVC.swift */ = {isa = PBXFileReference; fileEncoding = 4; lastKnownFileType = sourcecode.swift; path = LoginVC.swift; sourceTree = "<group>"; };
		E84AE9CF1E07F37D00C5E7F3 /* SignupAdditionalFieldsTVC.swift */ = {isa = PBXFileReference; fileEncoding = 4; lastKnownFileType = sourcecode.swift; path = SignupAdditionalFieldsTVC.swift; sourceTree = "<group>"; };
		E84AE9D21E07F47E00C5E7F3 /* WelcomePageVC.swift */ = {isa = PBXFileReference; fileEncoding = 4; lastKnownFileType = sourcecode.swift; path = WelcomePageVC.swift; sourceTree = "<group>"; };
		E84AE9D41E07F4B100C5E7F3 /* ForgotPasswordVC.swift */ = {isa = PBXFileReference; fileEncoding = 4; lastKnownFileType = sourcecode.swift; path = ForgotPasswordVC.swift; sourceTree = "<group>"; };
		E84AE9D61E07F4BC00C5E7F3 /* ResetPasswordVC.swift */ = {isa = PBXFileReference; fileEncoding = 4; lastKnownFileType = sourcecode.swift; path = ResetPasswordVC.swift; sourceTree = "<group>"; };
		E84AE9D91E07F53300C5E7F3 /* AccountTVC.swift */ = {isa = PBXFileReference; fileEncoding = 4; lastKnownFileType = sourcecode.swift; path = AccountTVC.swift; sourceTree = "<group>"; };
		E84AE9DB1E07F57800C5E7F3 /* PersonalInformationTVC.swift */ = {isa = PBXFileReference; fileEncoding = 4; lastKnownFileType = sourcecode.swift; path = PersonalInformationTVC.swift; sourceTree = "<group>"; };
		E84AE9DD1E07F5EE00C5E7F3 /* PreferencesTVC.swift */ = {isa = PBXFileReference; fileEncoding = 4; lastKnownFileType = sourcecode.swift; path = PreferencesTVC.swift; sourceTree = "<group>"; };
		E84AE9E21E0821B900C5E7F3 /* AITextField.swift */ = {isa = PBXFileReference; fileEncoding = 4; lastKnownFileType = sourcecode.swift; path = AITextField.swift; sourceTree = "<group>"; };
		E85D89BF1E1A8815009CCABB /* Lorem.swift */ = {isa = PBXFileReference; fileEncoding = 4; lastKnownFileType = sourcecode.swift; path = Lorem.swift; sourceTree = "<group>"; };
		E863CEBB1E1BE72E00049F28 /* OffersVC.swift */ = {isa = PBXFileReference; fileEncoding = 4; lastKnownFileType = sourcecode.swift; path = OffersVC.swift; sourceTree = "<group>"; };
		E88BA5471DF53C1300714C65 /* Snap2Save.app */ = {isa = PBXFileReference; explicitFileType = wrapper.application; includeInIndex = 0; path = Snap2Save.app; sourceTree = BUILT_PRODUCTS_DIR; };
		E88BA54A1DF53C1300714C65 /* AppDelegate.swift */ = {isa = PBXFileReference; lastKnownFileType = sourcecode.swift; path = AppDelegate.swift; sourceTree = "<group>"; };
		E88BA54F1DF53C1300714C65 /* Base */ = {isa = PBXFileReference; lastKnownFileType = file.storyboard; name = Base; path = Base.lproj/Main.storyboard; sourceTree = "<group>"; };
		E88BA5511DF53C1300714C65 /* Assets.xcassets */ = {isa = PBXFileReference; lastKnownFileType = folder.assetcatalog; path = Assets.xcassets; sourceTree = "<group>"; };
		E88BA5541DF53C1300714C65 /* Base */ = {isa = PBXFileReference; lastKnownFileType = file.storyboard; name = Base; path = Base.lproj/LaunchScreen.storyboard; sourceTree = "<group>"; };
		E88BA5561DF53C1300714C65 /* Info.plist */ = {isa = PBXFileReference; lastKnownFileType = text.plist.xml; path = Info.plist; sourceTree = "<group>"; };
		E88BA55B1DF53C1300714C65 /* Snap2SaveTests.xctest */ = {isa = PBXFileReference; explicitFileType = wrapper.cfbundle; includeInIndex = 0; path = Snap2SaveTests.xctest; sourceTree = BUILT_PRODUCTS_DIR; };
		E88BA55F1DF53C1300714C65 /* Snap2SaveTests.swift */ = {isa = PBXFileReference; lastKnownFileType = sourcecode.swift; path = Snap2SaveTests.swift; sourceTree = "<group>"; };
		E88BA5611DF53C1300714C65 /* Info.plist */ = {isa = PBXFileReference; lastKnownFileType = text.plist.xml; path = Info.plist; sourceTree = "<group>"; };
		E88BA5661DF53C1300714C65 /* Snap2SaveUITests.xctest */ = {isa = PBXFileReference; explicitFileType = wrapper.cfbundle; includeInIndex = 0; path = Snap2SaveUITests.xctest; sourceTree = BUILT_PRODUCTS_DIR; };
		E88BA56A1DF53C1300714C65 /* Snap2SaveUITests.swift */ = {isa = PBXFileReference; lastKnownFileType = sourcecode.swift; path = Snap2SaveUITests.swift; sourceTree = "<group>"; };
		E88BA56C1DF53C1300714C65 /* Info.plist */ = {isa = PBXFileReference; lastKnownFileType = text.plist.xml; path = Info.plist; sourceTree = "<group>"; };
		E88BA57B1DF53D1500714C65 /* LandingVC.swift */ = {isa = PBXFileReference; fileEncoding = 4; lastKnownFileType = sourcecode.swift; path = LandingVC.swift; sourceTree = "<group>"; };
		E88BA5961DF5B1CA00714C65 /* es */ = {isa = PBXFileReference; lastKnownFileType = text.plist.strings; name = es; path = es.lproj/Main.strings; sourceTree = "<group>"; };
		E88BA5971DF5B1CA00714C65 /* es */ = {isa = PBXFileReference; lastKnownFileType = text.plist.strings; name = es; path = es.lproj/LaunchScreen.strings; sourceTree = "<group>"; };
		E88BA59B1DF5B25D00714C65 /* en */ = {isa = PBXFileReference; lastKnownFileType = text.plist.strings; name = en; path = en.lproj/Localizable.strings; sourceTree = "<group>"; };
		E88BA59D1DF5B26100714C65 /* es */ = {isa = PBXFileReference; lastKnownFileType = text.plist.strings; name = es; path = es.lproj/Localizable.strings; sourceTree = "<group>"; };
		E88C262C1E1539C900F4056F /* TabViewController.swift */ = {isa = PBXFileReference; fileEncoding = 4; lastKnownFileType = sourcecode.swift; path = TabViewController.swift; sourceTree = "<group>"; };
		E8BAE2A11E0BABEF00A85AAB /* EBTAuthenticationTVC.swift */ = {isa = PBXFileReference; fileEncoding = 4; lastKnownFileType = sourcecode.swift; path = EBTAuthenticationTVC.swift; sourceTree = "<group>"; };
		E8BAE2A71E0BDEFD00A85AAB /* EBTCardNumberTVC.swift */ = {isa = PBXFileReference; fileEncoding = 4; lastKnownFileType = sourcecode.swift; path = EBTCardNumberTVC.swift; sourceTree = "<group>"; };
		E8BAE2A91E0BDF2700A85AAB /* EBTDateOfBirthTVC.swift */ = {isa = PBXFileReference; fileEncoding = 4; lastKnownFileType = sourcecode.swift; path = EBTDateOfBirthTVC.swift; sourceTree = "<group>"; };
		E8BAE2AB1E0BE24400A85AAB /* EBTSelectPinTVC.swift */ = {isa = PBXFileReference; fileEncoding = 4; lastKnownFileType = sourcecode.swift; path = EBTSelectPinTVC.swift; sourceTree = "<group>"; };
		E8BAE2AE1E0BEF8000A85AAB /* EBTUserInformationTVC.swift */ = {isa = PBXFileReference; fileEncoding = 4; lastKnownFileType = sourcecode.swift; path = EBTUserInformationTVC.swift; sourceTree = "<group>"; };
		E8BAE2B01E0BF52E00A85AAB /* EBTConfirmationTVC.swift */ = {isa = PBXFileReference; fileEncoding = 4; lastKnownFileType = sourcecode.swift; path = EBTConfirmationTVC.swift; sourceTree = "<group>"; };
		E8BAE2B21E0BF72F00A85AAB /* EBTSecurityQuestionTVC.swift */ = {isa = PBXFileReference; fileEncoding = 4; lastKnownFileType = sourcecode.swift; path = EBTSecurityQuestionTVC.swift; sourceTree = "<group>"; };
		EE89FE688344248033784E1E /* Pods-Snap2SaveUITests.release.xcconfig */ = {isa = PBXFileReference; includeInIndex = 1; lastKnownFileType = text.xcconfig; name = "Pods-Snap2SaveUITests.release.xcconfig"; path = "Pods/Target Support Files/Pods-Snap2SaveUITests/Pods-Snap2SaveUITests.release.xcconfig"; sourceTree = "<group>"; };
/* End PBXFileReference section */

/* Begin PBXFrameworksBuildPhase section */
		E88BA5441DF53C1300714C65 /* Frameworks */ = {
			isa = PBXFrameworksBuildPhase;
			buildActionMask = 2147483647;
			files = (
				52949BC23A183914DF6D1992 /* Pods_Snap2Save.framework in Frameworks */,
			);
			runOnlyForDeploymentPostprocessing = 0;
		};
		E88BA5581DF53C1300714C65 /* Frameworks */ = {
			isa = PBXFrameworksBuildPhase;
			buildActionMask = 2147483647;
			files = (
				FA43FE8A82E9C8C5B9DE2160 /* Pods_Snap2SaveTests.framework in Frameworks */,
			);
			runOnlyForDeploymentPostprocessing = 0;
		};
		E88BA5631DF53C1300714C65 /* Frameworks */ = {
			isa = PBXFrameworksBuildPhase;
			buildActionMask = 2147483647;
			files = (
				6FB268A6557A795CAD814A61 /* Pods_Snap2SaveUITests.framework in Frameworks */,
			);
			runOnlyForDeploymentPostprocessing = 0;
		};
/* End PBXFrameworksBuildPhase section */

/* Begin PBXGroup section */
		40000D964F18893D39F24818 /* Frameworks */ = {
			isa = PBXGroup;
			children = (
				70471D2506ED2958DD55B987 /* Pods_Snap2Save.framework */,
				A18F168741D7F3E112F16B88 /* Pods_Snap2SaveTests.framework */,
				95C10791D8C680864FEE2148 /* Pods_Snap2SaveUITests.framework */,
			);
			name = Frameworks;
			sourceTree = "<group>";
		};
		A5AC032866C285AFF18A5452 /* Pods */ = {
			isa = PBXGroup;
			children = (
				23C55B236A435BA0D7B2F840 /* Pods-Snap2Save.debug.xcconfig */,
				390369A27A4965626A26EA86 /* Pods-Snap2Save.release.xcconfig */,
				9FA0F034D23D4324814FDA78 /* Pods-Snap2SaveTests.debug.xcconfig */,
				6F98011C784DEC5A46937289 /* Pods-Snap2SaveTests.release.xcconfig */,
				0A04D45C935B15E8F8735FB7 /* Pods-Snap2SaveUITests.debug.xcconfig */,
				EE89FE688344248033784E1E /* Pods-Snap2SaveUITests.release.xcconfig */,
			);
			name = Pods;
			sourceTree = "<group>";
		};
		E81E61651E2365A30016FE74 /* EBT */ = {
			isa = PBXGroup;
			children = (
				E8BAE2A41E0BDDFB00A85AAB /* EBTLogin */,
				E8BAE2A31E0BDDE200A85AAB /* EBTRegistration */,
				E83C8AA01E1E4C2200BEA4A6 /* EBTDashboard */,
				E82283A81E0A72A6008FE084 /* EBTTracking */,
			);
			name = EBT;
			path = View;
			sourceTree = "<group>";
		};
		E82283A81E0A72A6008FE084 /* EBTTracking */ = {
			isa = PBXGroup;
			children = (
				E82283A91E0A72BC008FE084 /* EBTWebView.swift */,
				E82283AB1E0A72D3008FE084 /* BrowserVC.swift */,
				E83155EE1E1A37E5001D30D2 /* EBTHTMLS */,
			);
			name = EBTTracking;
			path = ../EBTTracking;
			sourceTree = "<group>";
		};
		E826FBD01E09408D0089AEA6 /* Services */ = {
			isa = PBXGroup;
			children = (
				E88C262C1E1539C900F4056F /* TabViewController.swift */,
				E826FBD11E0940A20089AEA6 /* ServicesTVC.swift */,
			);
			path = Services;
			sourceTree = "<group>";
		};
		E83155EE1E1A37E5001D30D2 /* EBTHTMLS */ = {
			isa = PBXGroup;
			children = (
				E83155EF1E1A37E5001D30D2 /* accountSummary.html */,
				E83155F01E1A37E5001D30D2 /* agree.html */,
				E83155F11E1A37E5001D30D2 /* cardNumber.html */,
				E83155F21E1A37E5001D30D2 /* dob.html */,
				E83155F31E1A37E5001D30D2 /* emailValidation.html */,
				E83155F41E1A37E5001D30D2 /* login.html */,
				E83155F51E1A37E5001D30D2 /* pincode.html */,
				E83155F61E1A37E5001D30D2 /* securityQuestion.html */,
				E83155F71E1A37E5001D30D2 /* userInformation.html */,
			);
			path = EBTHTMLS;
			sourceTree = SOURCE_ROOT;
		};
		E83C8AA01E1E4C2200BEA4A6 /* EBTDashboard */ = {
			isa = PBXGroup;
			children = (
				E83156011E1A561E001D30D2 /* EBTDashboardTVC.swift */,
				E83156051E1A7EA3001D30D2 /* DetailedCell.swift */,
				E83156071E1A7EB8001D30D2 /* DetailedSubtitleCell.swift */,
			);
			name = EBTDashboard;
			path = ../Controller/Services;
			sourceTree = "<group>";
		};
		E84AE9C81E07F28300C5E7F3 /* View */ = {
			isa = PBXGroup;
			children = (
				977B64F41E163B5600AA802D /* User.swift */,
				977B64F61E16407A00AA802D /* AdditionalInformation.swift */,
			);
			path = View;
			sourceTree = "<group>";
		};
		E84AE9C91E07F2A000C5E7F3 /* Registration */ = {
			isa = PBXGroup;
			children = (
				E84AE9CF1E07F37D00C5E7F3 /* SignupAdditionalFieldsTVC.swift */,
				9759BE771E0A65AA00A5C76A /* SignUpTVC.swift */,
				E84AE9D21E07F47E00C5E7F3 /* WelcomePageVC.swift */,
			);
			path = Registration;
			sourceTree = "<group>";
		};
		E84AE9CA1E07F2B300C5E7F3 /* Login */ = {
			isa = PBXGroup;
			children = (
				E84AE9CB1E07F2CA00C5E7F3 /* LoginVC.swift */,
				E84AE9D41E07F4B100C5E7F3 /* ForgotPasswordVC.swift */,
				E84AE9D61E07F4BC00C5E7F3 /* ResetPasswordVC.swift */,
			);
			path = Login;
			sourceTree = "<group>";
		};
		E84AE9D81E07F50600C5E7F3 /* Account */ = {
			isa = PBXGroup;
			children = (
				E84AE9D91E07F53300C5E7F3 /* AccountTVC.swift */,
				E84AE9DB1E07F57800C5E7F3 /* PersonalInformationTVC.swift */,
				E84AE9DD1E07F5EE00C5E7F3 /* PreferencesTVC.swift */,
				9737ED0B1E14042400120B54 /* ChangePasswordTVC.swift */,
			);
			path = Account;
			sourceTree = "<group>";
		};
		E84AE9E11E0821AB00C5E7F3 /* Helpers */ = {
			isa = PBXGroup;
			children = (
				E85D89BF1E1A8815009CCABB /* Lorem.swift */,
				E826FBCC1E0917BD0089AEA6 /* AppHelper.swift */,
				E81B74AB1E1105EA00D5EC61 /* LanguageUtility.swift */,
				E84AE9E21E0821B900C5E7F3 /* AITextField.swift */,
				E826FBD91E094F720089AEA6 /* AIPlaceHolderTextField.xib */,
				E826FBDB1E094FF80089AEA6 /* AIPlaceHolderTextField.swift */,
				978729DC1E0937B000908301 /* Constants.swift */,
				97E4338A1E10E5F10095EABA /* USStateAbbreviations.plist */,
			);
			path = Helpers;
			sourceTree = "<group>";
		};
		E863CEBA1E1BE70200049F28 /* Offers */ = {
			isa = PBXGroup;
			children = (
				E863CEBB1E1BE72E00049F28 /* OffersVC.swift */,
			);
			path = Offers;
			sourceTree = "<group>";
		};
		E88BA53E1DF53C1200714C65 = {
			isa = PBXGroup;
			children = (
				E88BA5491DF53C1300714C65 /* Snap2Save */,
				E88BA55E1DF53C1300714C65 /* Snap2SaveTests */,
				E88BA5691DF53C1300714C65 /* Snap2SaveUITests */,
				E88BA5481DF53C1300714C65 /* Products */,
				A5AC032866C285AFF18A5452 /* Pods */,
				40000D964F18893D39F24818 /* Frameworks */,
			);
			sourceTree = "<group>";
		};
		E88BA5481DF53C1300714C65 /* Products */ = {
			isa = PBXGroup;
			children = (
				E88BA5471DF53C1300714C65 /* Snap2Save.app */,
				E88BA55B1DF53C1300714C65 /* Snap2SaveTests.xctest */,
				E88BA5661DF53C1300714C65 /* Snap2SaveUITests.xctest */,
			);
			name = Products;
			sourceTree = "<group>";
		};
		E88BA5491DF53C1300714C65 /* Snap2Save */ = {
			isa = PBXGroup;
			children = (
				E88BA54A1DF53C1300714C65 /* AppDelegate.swift */,
				E84AE9E11E0821AB00C5E7F3 /* Helpers */,
				E88BA5791DF53CF500714C65 /* Model */,
				E84AE9C81E07F28300C5E7F3 /* View */,
				E81E61651E2365A30016FE74 /* EBT */,
				E88BA5781DF53CD600714C65 /* Controller */,
				E88BA54E1DF53C1300714C65 /* Main.storyboard */,
				E82283A01E0A61F4008FE084 /* Home.storyboard */,
				E88BA5511DF53C1300714C65 /* Assets.xcassets */,
				E88BA59C1DF5B25D00714C65 /* Localizable.strings */,
				E88BA5531DF53C1300714C65 /* LaunchScreen.storyboard */,
				E88BA5561DF53C1300714C65 /* Info.plist */,
			);
			path = Snap2Save;
			sourceTree = "<group>";
		};
		E88BA55E1DF53C1300714C65 /* Snap2SaveTests */ = {
			isa = PBXGroup;
			children = (
				E88BA55F1DF53C1300714C65 /* Snap2SaveTests.swift */,
				E88BA5611DF53C1300714C65 /* Info.plist */,
			);
			path = Snap2SaveTests;
			sourceTree = "<group>";
		};
		E88BA5691DF53C1300714C65 /* Snap2SaveUITests */ = {
			isa = PBXGroup;
			children = (
				E88BA56A1DF53C1300714C65 /* Snap2SaveUITests.swift */,
				E88BA56C1DF53C1300714C65 /* Info.plist */,
			);
			path = Snap2SaveUITests;
			sourceTree = "<group>";
		};
		E88BA5781DF53CD600714C65 /* Controller */ = {
			isa = PBXGroup;
			children = (
				E88BA57B1DF53D1500714C65 /* LandingVC.swift */,
				E84AE9CA1E07F2B300C5E7F3 /* Login */,
				E84AE9C91E07F2A000C5E7F3 /* Registration */,
				E826FBD01E09408D0089AEA6 /* Services */,
				E863CEBA1E1BE70200049F28 /* Offers */,
				E84AE9D81E07F50600C5E7F3 /* Account */,
			);
			path = Controller;
			sourceTree = "<group>";
		};
		E88BA5791DF53CF500714C65 /* Model */ = {
			isa = PBXGroup;
			children = (
			);
			path = Model;
			sourceTree = "<group>";
		};
		E8BAE2A31E0BDDE200A85AAB /* EBTRegistration */ = {
			isa = PBXGroup;
			children = (
				E8BAE2A71E0BDEFD00A85AAB /* EBTCardNumberTVC.swift */,
				E8BAE2A91E0BDF2700A85AAB /* EBTDateOfBirthTVC.swift */,
				E8BAE2AB1E0BE24400A85AAB /* EBTSelectPinTVC.swift */,
				E8BAE2AE1E0BEF8000A85AAB /* EBTUserInformationTVC.swift */,
				E8BAE2B01E0BF52E00A85AAB /* EBTConfirmationTVC.swift */,
				E8BAE2B21E0BF72F00A85AAB /* EBTSecurityQuestionTVC.swift */,
			);
			name = EBTRegistration;
			path = ../Controller/Services;
			sourceTree = "<group>";
		};
		E8BAE2A41E0BDDFB00A85AAB /* EBTLogin */ = {
			isa = PBXGroup;
			children = (
				E826FBD51E0946970089AEA6 /* EBTLoginTVC.swift */,
				E8BAE2A11E0BABEF00A85AAB /* EBTAuthenticationTVC.swift */,
				E83156031E1A5689001D30D2 /* EBTLoginSecurityQuestionTVC.swift */,
			);
			name = EBTLogin;
			path = ../Controller/Services;
			sourceTree = "<group>";
		};
/* End PBXGroup section */

/* Begin PBXNativeTarget section */
		E88BA5461DF53C1300714C65 /* Snap2Save */ = {
			isa = PBXNativeTarget;
			buildConfigurationList = E88BA56F1DF53C1300714C65 /* Build configuration list for PBXNativeTarget "Snap2Save" */;
			buildPhases = (
				4734F9CBF5CCECF9F75E7268 /* [CP] Check Pods Manifest.lock */,
				E88BA5431DF53C1300714C65 /* Sources */,
				E88BA5441DF53C1300714C65 /* Frameworks */,
				E88BA5451DF53C1300714C65 /* Resources */,
				8FED331991A43E97A3A505BD /* [CP] Embed Pods Frameworks */,
				A2188C599B0232C370C6CDD2 /* [CP] Copy Pods Resources */,
			);
			buildRules = (
			);
			dependencies = (
			);
			name = Snap2Save;
			productName = Snap2Save;
			productReference = E88BA5471DF53C1300714C65 /* Snap2Save.app */;
			productType = "com.apple.product-type.application";
		};
		E88BA55A1DF53C1300714C65 /* Snap2SaveTests */ = {
			isa = PBXNativeTarget;
			buildConfigurationList = E88BA5721DF53C1300714C65 /* Build configuration list for PBXNativeTarget "Snap2SaveTests" */;
			buildPhases = (
				8C00044ADB80805E3468960B /* [CP] Check Pods Manifest.lock */,
				E88BA5571DF53C1300714C65 /* Sources */,
				E88BA5581DF53C1300714C65 /* Frameworks */,
				E88BA5591DF53C1300714C65 /* Resources */,
				C5CB5E99A71FD08523A2BEA2 /* [CP] Embed Pods Frameworks */,
				81C651BC12737C2148EB58DF /* [CP] Copy Pods Resources */,
			);
			buildRules = (
			);
			dependencies = (
				E88BA55D1DF53C1300714C65 /* PBXTargetDependency */,
			);
			name = Snap2SaveTests;
			productName = Snap2SaveTests;
			productReference = E88BA55B1DF53C1300714C65 /* Snap2SaveTests.xctest */;
			productType = "com.apple.product-type.bundle.unit-test";
		};
		E88BA5651DF53C1300714C65 /* Snap2SaveUITests */ = {
			isa = PBXNativeTarget;
			buildConfigurationList = E88BA5751DF53C1300714C65 /* Build configuration list for PBXNativeTarget "Snap2SaveUITests" */;
			buildPhases = (
				9F20FF093878DD71F3BB0FC5 /* [CP] Check Pods Manifest.lock */,
				E88BA5621DF53C1300714C65 /* Sources */,
				E88BA5631DF53C1300714C65 /* Frameworks */,
				E88BA5641DF53C1300714C65 /* Resources */,
				1E1A2EFF46DB7724A47E83E9 /* [CP] Embed Pods Frameworks */,
				D9565846BE5FA3141A825DB9 /* [CP] Copy Pods Resources */,
			);
			buildRules = (
			);
			dependencies = (
				E88BA5681DF53C1300714C65 /* PBXTargetDependency */,
			);
			name = Snap2SaveUITests;
			productName = Snap2SaveUITests;
			productReference = E88BA5661DF53C1300714C65 /* Snap2SaveUITests.xctest */;
			productType = "com.apple.product-type.bundle.ui-testing";
		};
/* End PBXNativeTarget section */

/* Begin PBXProject section */
		E88BA53F1DF53C1300714C65 /* Project object */ = {
			isa = PBXProject;
			attributes = {
				LastSwiftUpdateCheck = 0810;
				LastUpgradeCheck = 0810;
				ORGANIZATIONNAME = Appit;
				TargetAttributes = {
					E88BA5461DF53C1300714C65 = {
						CreatedOnToolsVersion = 8.1;
						DevelopmentTeam = PGJV67G4NG;
						ProvisioningStyle = Manual;
					};
					E88BA55A1DF53C1300714C65 = {
						CreatedOnToolsVersion = 8.1;
						DevelopmentTeam = PGJV67G4NG;
						ProvisioningStyle = Automatic;
						TestTargetID = E88BA5461DF53C1300714C65;
					};
					E88BA5651DF53C1300714C65 = {
						CreatedOnToolsVersion = 8.1;
						DevelopmentTeam = PGJV67G4NG;
						ProvisioningStyle = Automatic;
						TestTargetID = E88BA5461DF53C1300714C65;
					};
				};
			};
			buildConfigurationList = E88BA5421DF53C1300714C65 /* Build configuration list for PBXProject "Snap2Save" */;
			compatibilityVersion = "Xcode 3.2";
			developmentRegion = English;
			hasScannedForEncodings = 0;
			knownRegions = (
				en,
				Base,
				es,
			);
			mainGroup = E88BA53E1DF53C1200714C65;
			productRefGroup = E88BA5481DF53C1300714C65 /* Products */;
			projectDirPath = "";
			projectRoot = "";
			targets = (
				E88BA5461DF53C1300714C65 /* Snap2Save */,
				E88BA55A1DF53C1300714C65 /* Snap2SaveTests */,
				E88BA5651DF53C1300714C65 /* Snap2SaveUITests */,
			);
		};
/* End PBXProject section */

/* Begin PBXResourcesBuildPhase section */
		E88BA5451DF53C1300714C65 /* Resources */ = {
			isa = PBXResourcesBuildPhase;
			buildActionMask = 2147483647;
			files = (
				E88BA5551DF53C1300714C65 /* LaunchScreen.storyboard in Resources */,
				E83155F81E1A37E5001D30D2 /* accountSummary.html in Resources */,
				E83155F91E1A37E5001D30D2 /* agree.html in Resources */,
				E826FBDA1E094F720089AEA6 /* AIPlaceHolderTextField.xib in Resources */,
				E822839E1E0A61F4008FE084 /* Home.storyboard in Resources */,
				E83155FE1E1A37E5001D30D2 /* pincode.html in Resources */,
				E83155FF1E1A37E5001D30D2 /* securityQuestion.html in Resources */,
				E83155FD1E1A37E5001D30D2 /* login.html in Resources */,
				E88BA59A1DF5B25D00714C65 /* Localizable.strings in Resources */,
				E88BA5521DF53C1300714C65 /* Assets.xcassets in Resources */,
				E83155FA1E1A37E5001D30D2 /* cardNumber.html in Resources */,
				E83155FB1E1A37E5001D30D2 /* dob.html in Resources */,
				E83156001E1A37E5001D30D2 /* userInformation.html in Resources */,
				97E4338B1E10E5F10095EABA /* USStateAbbreviations.plist in Resources */,
				E83155FC1E1A37E5001D30D2 /* emailValidation.html in Resources */,
				E88BA5501DF53C1300714C65 /* Main.storyboard in Resources */,
			);
			runOnlyForDeploymentPostprocessing = 0;
		};
		E88BA5591DF53C1300714C65 /* Resources */ = {
			isa = PBXResourcesBuildPhase;
			buildActionMask = 2147483647;
			files = (
			);
			runOnlyForDeploymentPostprocessing = 0;
		};
		E88BA5641DF53C1300714C65 /* Resources */ = {
			isa = PBXResourcesBuildPhase;
			buildActionMask = 2147483647;
			files = (
			);
			runOnlyForDeploymentPostprocessing = 0;
		};
/* End PBXResourcesBuildPhase section */

/* Begin PBXShellScriptBuildPhase section */
		1E1A2EFF46DB7724A47E83E9 /* [CP] Embed Pods Frameworks */ = {
			isa = PBXShellScriptBuildPhase;
			buildActionMask = 2147483647;
			files = (
			);
			inputPaths = (
			);
			name = "[CP] Embed Pods Frameworks";
			outputPaths = (
			);
			runOnlyForDeploymentPostprocessing = 0;
			shellPath = /bin/sh;
			shellScript = "\"${SRCROOT}/Pods/Target Support Files/Pods-Snap2SaveUITests/Pods-Snap2SaveUITests-frameworks.sh\"\n";
			showEnvVarsInLog = 0;
		};
		4734F9CBF5CCECF9F75E7268 /* [CP] Check Pods Manifest.lock */ = {
			isa = PBXShellScriptBuildPhase;
			buildActionMask = 2147483647;
			files = (
			);
			inputPaths = (
			);
			name = "[CP] Check Pods Manifest.lock";
			outputPaths = (
			);
			runOnlyForDeploymentPostprocessing = 0;
			shellPath = /bin/sh;
			shellScript = "diff \"${PODS_ROOT}/../Podfile.lock\" \"${PODS_ROOT}/Manifest.lock\" > /dev/null\nif [ $? != 0 ] ; then\n    # print error to STDERR\n    echo \"error: The sandbox is not in sync with the Podfile.lock. Run 'pod install' or update your CocoaPods installation.\" >&2\n    exit 1\nfi\n";
			showEnvVarsInLog = 0;
		};
		81C651BC12737C2148EB58DF /* [CP] Copy Pods Resources */ = {
			isa = PBXShellScriptBuildPhase;
			buildActionMask = 2147483647;
			files = (
			);
			inputPaths = (
			);
			name = "[CP] Copy Pods Resources";
			outputPaths = (
			);
			runOnlyForDeploymentPostprocessing = 0;
			shellPath = /bin/sh;
			shellScript = "\"${SRCROOT}/Pods/Target Support Files/Pods-Snap2SaveTests/Pods-Snap2SaveTests-resources.sh\"\n";
			showEnvVarsInLog = 0;
		};
		8C00044ADB80805E3468960B /* [CP] Check Pods Manifest.lock */ = {
			isa = PBXShellScriptBuildPhase;
			buildActionMask = 2147483647;
			files = (
			);
			inputPaths = (
			);
			name = "[CP] Check Pods Manifest.lock";
			outputPaths = (
			);
			runOnlyForDeploymentPostprocessing = 0;
			shellPath = /bin/sh;
			shellScript = "diff \"${PODS_ROOT}/../Podfile.lock\" \"${PODS_ROOT}/Manifest.lock\" > /dev/null\nif [ $? != 0 ] ; then\n    # print error to STDERR\n    echo \"error: The sandbox is not in sync with the Podfile.lock. Run 'pod install' or update your CocoaPods installation.\" >&2\n    exit 1\nfi\n";
			showEnvVarsInLog = 0;
		};
		8FED331991A43E97A3A505BD /* [CP] Embed Pods Frameworks */ = {
			isa = PBXShellScriptBuildPhase;
			buildActionMask = 2147483647;
			files = (
			);
			inputPaths = (
			);
			name = "[CP] Embed Pods Frameworks";
			outputPaths = (
			);
			runOnlyForDeploymentPostprocessing = 0;
			shellPath = /bin/sh;
			shellScript = "\"${SRCROOT}/Pods/Target Support Files/Pods-Snap2Save/Pods-Snap2Save-frameworks.sh\"\n";
			showEnvVarsInLog = 0;
		};
		9F20FF093878DD71F3BB0FC5 /* [CP] Check Pods Manifest.lock */ = {
			isa = PBXShellScriptBuildPhase;
			buildActionMask = 2147483647;
			files = (
			);
			inputPaths = (
			);
			name = "[CP] Check Pods Manifest.lock";
			outputPaths = (
			);
			runOnlyForDeploymentPostprocessing = 0;
			shellPath = /bin/sh;
			shellScript = "diff \"${PODS_ROOT}/../Podfile.lock\" \"${PODS_ROOT}/Manifest.lock\" > /dev/null\nif [ $? != 0 ] ; then\n    # print error to STDERR\n    echo \"error: The sandbox is not in sync with the Podfile.lock. Run 'pod install' or update your CocoaPods installation.\" >&2\n    exit 1\nfi\n";
			showEnvVarsInLog = 0;
		};
		A2188C599B0232C370C6CDD2 /* [CP] Copy Pods Resources */ = {
			isa = PBXShellScriptBuildPhase;
			buildActionMask = 2147483647;
			files = (
			);
			inputPaths = (
			);
			name = "[CP] Copy Pods Resources";
			outputPaths = (
			);
			runOnlyForDeploymentPostprocessing = 0;
			shellPath = /bin/sh;
			shellScript = "\"${SRCROOT}/Pods/Target Support Files/Pods-Snap2Save/Pods-Snap2Save-resources.sh\"\n";
			showEnvVarsInLog = 0;
		};
		C5CB5E99A71FD08523A2BEA2 /* [CP] Embed Pods Frameworks */ = {
			isa = PBXShellScriptBuildPhase;
			buildActionMask = 2147483647;
			files = (
			);
			inputPaths = (
			);
			name = "[CP] Embed Pods Frameworks";
			outputPaths = (
			);
			runOnlyForDeploymentPostprocessing = 0;
			shellPath = /bin/sh;
			shellScript = "\"${SRCROOT}/Pods/Target Support Files/Pods-Snap2SaveTests/Pods-Snap2SaveTests-frameworks.sh\"\n";
			showEnvVarsInLog = 0;
		};
		D9565846BE5FA3141A825DB9 /* [CP] Copy Pods Resources */ = {
			isa = PBXShellScriptBuildPhase;
			buildActionMask = 2147483647;
			files = (
			);
			inputPaths = (
			);
			name = "[CP] Copy Pods Resources";
			outputPaths = (
			);
			runOnlyForDeploymentPostprocessing = 0;
			shellPath = /bin/sh;
			shellScript = "\"${SRCROOT}/Pods/Target Support Files/Pods-Snap2SaveUITests/Pods-Snap2SaveUITests-resources.sh\"\n";
			showEnvVarsInLog = 0;
		};
/* End PBXShellScriptBuildPhase section */

/* Begin PBXSourcesBuildPhase section */
		E88BA5431DF53C1300714C65 /* Sources */ = {
			isa = PBXSourcesBuildPhase;
			buildActionMask = 2147483647;
			files = (
				E83156021E1A561E001D30D2 /* EBTDashboardTVC.swift in Sources */,
				E8BAE2A81E0BDEFD00A85AAB /* EBTCardNumberTVC.swift in Sources */,
				E88BA54B1DF53C1300714C65 /* AppDelegate.swift in Sources */,
				977B64F71E16407A00AA802D /* AdditionalInformation.swift in Sources */,
				E826FBD21E0940A20089AEA6 /* ServicesTVC.swift in Sources */,
				E84AE9DE1E07F5EE00C5E7F3 /* PreferencesTVC.swift in Sources */,
				E84AE9DA1E07F53300C5E7F3 /* AccountTVC.swift in Sources */,
				E84AE9E31E0821B900C5E7F3 /* AITextField.swift in Sources */,
				9759BE781E0A65AA00A5C76A /* SignUpTVC.swift in Sources */,
				E84AE9D51E07F4B100C5E7F3 /* ForgotPasswordVC.swift in Sources */,
				E83156041E1A5689001D30D2 /* EBTLoginSecurityQuestionTVC.swift in Sources */,
				977B64F51E163B5600AA802D /* User.swift in Sources */,
				E83156081E1A7EB8001D30D2 /* DetailedSubtitleCell.swift in Sources */,
				E826FBD61E0946970089AEA6 /* EBTLoginTVC.swift in Sources */,
				E88BA57C1DF53D1500714C65 /* LandingVC.swift in Sources */,
				E8BAE2AA1E0BDF2700A85AAB /* EBTDateOfBirthTVC.swift in Sources */,
				E83156061E1A7EA3001D30D2 /* DetailedCell.swift in Sources */,
				E81B74AC1E1105EA00D5EC61 /* LanguageUtility.swift in Sources */,
				E8BAE2AF1E0BEF8000A85AAB /* EBTUserInformationTVC.swift in Sources */,
				E8BAE2B11E0BF52E00A85AAB /* EBTConfirmationTVC.swift in Sources */,
				E863CEBC1E1BE72E00049F28 /* OffersVC.swift in Sources */,
				E84AE9D31E07F47E00C5E7F3 /* WelcomePageVC.swift in Sources */,
				E82283AA1E0A72BC008FE084 /* EBTWebView.swift in Sources */,
				E84AE9CC1E07F2CA00C5E7F3 /* LoginVC.swift in Sources */,
				E84AE9DC1E07F57800C5E7F3 /* PersonalInformationTVC.swift in Sources */,
				E84AE9D01E07F37D00C5E7F3 /* SignupAdditionalFieldsTVC.swift in Sources */,
				E85D89C01E1A8815009CCABB /* Lorem.swift in Sources */,
				E82283AC1E0A72D3008FE084 /* BrowserVC.swift in Sources */,
				9737ED0C1E14042400120B54 /* ChangePasswordTVC.swift in Sources */,
				E8BAE2A21E0BABEF00A85AAB /* EBTAuthenticationTVC.swift in Sources */,
				E826FBDC1E094FF80089AEA6 /* AIPlaceHolderTextField.swift in Sources */,
				E8BAE2B31E0BF72F00A85AAB /* EBTSecurityQuestionTVC.swift in Sources */,
				E88C262D1E1539C900F4056F /* TabViewController.swift in Sources */,
				978729DD1E0937B000908301 /* Constants.swift in Sources */,
				E8BAE2AC1E0BE24400A85AAB /* EBTSelectPinTVC.swift in Sources */,
				E84AE9D71E07F4BC00C5E7F3 /* ResetPasswordVC.swift in Sources */,
				E826FBCD1E0917BD0089AEA6 /* AppHelper.swift in Sources */,
			);
			runOnlyForDeploymentPostprocessing = 0;
		};
		E88BA5571DF53C1300714C65 /* Sources */ = {
			isa = PBXSourcesBuildPhase;
			buildActionMask = 2147483647;
			files = (
				E88BA5601DF53C1300714C65 /* Snap2SaveTests.swift in Sources */,
			);
			runOnlyForDeploymentPostprocessing = 0;
		};
		E88BA5621DF53C1300714C65 /* Sources */ = {
			isa = PBXSourcesBuildPhase;
			buildActionMask = 2147483647;
			files = (
				E88BA56B1DF53C1300714C65 /* Snap2SaveUITests.swift in Sources */,
			);
			runOnlyForDeploymentPostprocessing = 0;
		};
/* End PBXSourcesBuildPhase section */

/* Begin PBXTargetDependency section */
		E88BA55D1DF53C1300714C65 /* PBXTargetDependency */ = {
			isa = PBXTargetDependency;
			target = E88BA5461DF53C1300714C65 /* Snap2Save */;
			targetProxy = E88BA55C1DF53C1300714C65 /* PBXContainerItemProxy */;
		};
		E88BA5681DF53C1300714C65 /* PBXTargetDependency */ = {
			isa = PBXTargetDependency;
			target = E88BA5461DF53C1300714C65 /* Snap2Save */;
			targetProxy = E88BA5671DF53C1300714C65 /* PBXContainerItemProxy */;
		};
/* End PBXTargetDependency section */

/* Begin PBXVariantGroup section */
		E82283A01E0A61F4008FE084 /* Home.storyboard */ = {
			isa = PBXVariantGroup;
			children = (
				E822839F1E0A61F4008FE084 /* Base */,
				E82283A21E0A6AA5008FE084 /* es */,
			);
			name = Home.storyboard;
			sourceTree = "<group>";
		};
		E88BA54E1DF53C1300714C65 /* Main.storyboard */ = {
			isa = PBXVariantGroup;
			children = (
				E88BA54F1DF53C1300714C65 /* Base */,
				E88BA5961DF5B1CA00714C65 /* es */,
			);
			name = Main.storyboard;
			sourceTree = "<group>";
		};
		E88BA5531DF53C1300714C65 /* LaunchScreen.storyboard */ = {
			isa = PBXVariantGroup;
			children = (
				E88BA5541DF53C1300714C65 /* Base */,
				E88BA5971DF5B1CA00714C65 /* es */,
			);
			name = LaunchScreen.storyboard;
			sourceTree = "<group>";
		};
		E88BA59C1DF5B25D00714C65 /* Localizable.strings */ = {
			isa = PBXVariantGroup;
			children = (
				E88BA59B1DF5B25D00714C65 /* en */,
				E88BA59D1DF5B26100714C65 /* es */,
			);
			name = Localizable.strings;
			sourceTree = "<group>";
		};
/* End PBXVariantGroup section */

/* Begin XCBuildConfiguration section */
		E88BA56D1DF53C1300714C65 /* Debug */ = {
			isa = XCBuildConfiguration;
			buildSettings = {
				ALWAYS_SEARCH_USER_PATHS = NO;
				CLANG_ANALYZER_LOCALIZABILITY_NONLOCALIZED = YES;
				CLANG_ANALYZER_NONNULL = YES;
				CLANG_CXX_LANGUAGE_STANDARD = "gnu++0x";
				CLANG_CXX_LIBRARY = "libc++";
				CLANG_ENABLE_MODULES = YES;
				CLANG_ENABLE_OBJC_ARC = YES;
				CLANG_WARN_BOOL_CONVERSION = YES;
				CLANG_WARN_CONSTANT_CONVERSION = YES;
				CLANG_WARN_DIRECT_OBJC_ISA_USAGE = YES_ERROR;
				CLANG_WARN_DOCUMENTATION_COMMENTS = YES;
				CLANG_WARN_EMPTY_BODY = YES;
				CLANG_WARN_ENUM_CONVERSION = YES;
				CLANG_WARN_INFINITE_RECURSION = YES;
				CLANG_WARN_INT_CONVERSION = YES;
				CLANG_WARN_OBJC_ROOT_CLASS = YES_ERROR;
				CLANG_WARN_SUSPICIOUS_MOVE = YES;
				CLANG_WARN_SUSPICIOUS_MOVES = YES;
				CLANG_WARN_UNREACHABLE_CODE = YES;
				CLANG_WARN__DUPLICATE_METHOD_MATCH = YES;
				CODE_SIGN_IDENTITY = "iPhone Developer: Cathy Maglione (2APHA8Y955)";
				"CODE_SIGN_IDENTITY[sdk=iphoneos*]" = "iPhone Developer: Cathy Maglione (2APHA8Y955)";
				COPY_PHASE_STRIP = NO;
				DEBUG_INFORMATION_FORMAT = dwarf;
				DEVELOPMENT_TEAM = PGJV67G4NG;
				ENABLE_STRICT_OBJC_MSGSEND = YES;
				ENABLE_TESTABILITY = YES;
				GCC_C_LANGUAGE_STANDARD = gnu99;
				GCC_DYNAMIC_NO_PIC = NO;
				GCC_NO_COMMON_BLOCKS = YES;
				GCC_OPTIMIZATION_LEVEL = 0;
				GCC_PREPROCESSOR_DEFINITIONS = (
					"DEBUG=1",
					"$(inherited)",
				);
				GCC_WARN_64_TO_32_BIT_CONVERSION = YES;
				GCC_WARN_ABOUT_RETURN_TYPE = YES_ERROR;
				GCC_WARN_UNDECLARED_SELECTOR = YES;
				GCC_WARN_UNINITIALIZED_AUTOS = YES_AGGRESSIVE;
				GCC_WARN_UNUSED_FUNCTION = YES;
				GCC_WARN_UNUSED_VARIABLE = YES;
				IPHONEOS_DEPLOYMENT_TARGET = 10.1;
				MTL_ENABLE_DEBUG_INFO = YES;
				ONLY_ACTIVE_ARCH = YES;
				SDKROOT = iphoneos;
				SWIFT_ACTIVE_COMPILATION_CONDITIONS = DEBUG;
				SWIFT_OPTIMIZATION_LEVEL = "-Onone";
				TARGETED_DEVICE_FAMILY = "1,2";
			};
			name = Debug;
		};
		E88BA56E1DF53C1300714C65 /* Release */ = {
			isa = XCBuildConfiguration;
			buildSettings = {
				ALWAYS_SEARCH_USER_PATHS = NO;
				CLANG_ANALYZER_LOCALIZABILITY_NONLOCALIZED = YES;
				CLANG_ANALYZER_NONNULL = YES;
				CLANG_CXX_LANGUAGE_STANDARD = "gnu++0x";
				CLANG_CXX_LIBRARY = "libc++";
				CLANG_ENABLE_MODULES = YES;
				CLANG_ENABLE_OBJC_ARC = YES;
				CLANG_WARN_BOOL_CONVERSION = YES;
				CLANG_WARN_CONSTANT_CONVERSION = YES;
				CLANG_WARN_DIRECT_OBJC_ISA_USAGE = YES_ERROR;
				CLANG_WARN_DOCUMENTATION_COMMENTS = YES;
				CLANG_WARN_EMPTY_BODY = YES;
				CLANG_WARN_ENUM_CONVERSION = YES;
				CLANG_WARN_INFINITE_RECURSION = YES;
				CLANG_WARN_INT_CONVERSION = YES;
				CLANG_WARN_OBJC_ROOT_CLASS = YES_ERROR;
				CLANG_WARN_SUSPICIOUS_MOVE = YES;
				CLANG_WARN_SUSPICIOUS_MOVES = YES;
				CLANG_WARN_UNREACHABLE_CODE = YES;
				CLANG_WARN__DUPLICATE_METHOD_MATCH = YES;
				CODE_SIGN_IDENTITY = "iPhone Distribution: Green Piranhas, Inc. (PGJV67G4NG)";
				"CODE_SIGN_IDENTITY[sdk=iphoneos*]" = "iPhone Distribution: Green Piranhas, Inc. (PGJV67G4NG)";
				COPY_PHASE_STRIP = NO;
				DEBUG_INFORMATION_FORMAT = "dwarf-with-dsym";
				DEVELOPMENT_TEAM = PGJV67G4NG;
				ENABLE_NS_ASSERTIONS = NO;
				ENABLE_STRICT_OBJC_MSGSEND = YES;
				GCC_C_LANGUAGE_STANDARD = gnu99;
				GCC_NO_COMMON_BLOCKS = YES;
				GCC_WARN_64_TO_32_BIT_CONVERSION = YES;
				GCC_WARN_ABOUT_RETURN_TYPE = YES_ERROR;
				GCC_WARN_UNDECLARED_SELECTOR = YES;
				GCC_WARN_UNINITIALIZED_AUTOS = YES_AGGRESSIVE;
				GCC_WARN_UNUSED_FUNCTION = YES;
				GCC_WARN_UNUSED_VARIABLE = YES;
				IPHONEOS_DEPLOYMENT_TARGET = 10.1;
				MTL_ENABLE_DEBUG_INFO = NO;
				SDKROOT = iphoneos;
				SWIFT_OPTIMIZATION_LEVEL = "-Onone";
				TARGETED_DEVICE_FAMILY = "1,2";
				VALIDATE_PRODUCT = YES;
			};
			name = Release;
		};
		E88BA5701DF53C1300714C65 /* Debug */ = {
			isa = XCBuildConfiguration;
			baseConfigurationReference = 23C55B236A435BA0D7B2F840 /* Pods-Snap2Save.debug.xcconfig */;
			buildSettings = {
				ALWAYS_EMBED_SWIFT_STANDARD_LIBRARIES = YES;
				ASSETCATALOG_COMPILER_APPICON_NAME = AppIcon;
				CODE_SIGN_IDENTITY = "iPhone Developer: Cathy Maglione (2APHA8Y955)";
				"CODE_SIGN_IDENTITY[sdk=iphoneos*]" = "iPhone Developer: Cathy Maglione (2APHA8Y955)";
				DEVELOPMENT_TEAM = PGJV67G4NG;
				INFOPLIST_FILE = Snap2Save/Info.plist;
				IPHONEOS_DEPLOYMENT_TARGET = 8.3;
				LD_RUNPATH_SEARCH_PATHS = "$(inherited) @executable_path/Frameworks";
				PRODUCT_BUNDLE_IDENTIFIER = com.s2s.snap2save;
				PRODUCT_NAME = "$(TARGET_NAME)";
				PROVISIONING_PROFILE = "1de9e0a2-43d8-49f6-a1f9-25f4932b16c5";
				PROVISIONING_PROFILE_SPECIFIER = s2s_development;
				SWIFT_VERSION = 3.0;
				TARGETED_DEVICE_FAMILY = 1;
			};
			name = Debug;
		};
		E88BA5711DF53C1300714C65 /* Release */ = {
			isa = XCBuildConfiguration;
			baseConfigurationReference = 390369A27A4965626A26EA86 /* Pods-Snap2Save.release.xcconfig */;
			buildSettings = {
				ALWAYS_EMBED_SWIFT_STANDARD_LIBRARIES = YES;
				ASSETCATALOG_COMPILER_APPICON_NAME = AppIcon;
				CODE_SIGN_IDENTITY = "iPhone Distribution: Green Piranhas, Inc. (PGJV67G4NG)";
				"CODE_SIGN_IDENTITY[sdk=iphoneos*]" = "iPhone Distribution: Green Piranhas, Inc. (PGJV67G4NG)";
				DEVELOPMENT_TEAM = PGJV67G4NG;
				INFOPLIST_FILE = Snap2Save/Info.plist;
				IPHONEOS_DEPLOYMENT_TARGET = 8.3;
				LD_RUNPATH_SEARCH_PATHS = "$(inherited) @executable_path/Frameworks";
				PRODUCT_BUNDLE_IDENTIFIER = com.s2s.snap2save;
				PRODUCT_NAME = "$(TARGET_NAME)";
				PROVISIONING_PROFILE = "abc5a334-387b-4c94-932c-9a7c2d516f1f";
				PROVISIONING_PROFILE_SPECIFIER = s2s_distribution;
				SWIFT_VERSION = 3.0;
				TARGETED_DEVICE_FAMILY = 1;
			};
			name = Release;
		};
		E88BA5731DF53C1300714C65 /* Debug */ = {
			isa = XCBuildConfiguration;
			baseConfigurationReference = 9FA0F034D23D4324814FDA78 /* Pods-Snap2SaveTests.debug.xcconfig */;
			buildSettings = {
				ALWAYS_EMBED_SWIFT_STANDARD_LIBRARIES = YES;
				BUNDLE_LOADER = "$(TEST_HOST)";
				INFOPLIST_FILE = Snap2SaveTests/Info.plist;
				LD_RUNPATH_SEARCH_PATHS = "$(inherited) @executable_path/Frameworks @loader_path/Frameworks";
				PRODUCT_BUNDLE_IDENTIFIER = com.appit.Snap2SaveTests;
				PRODUCT_NAME = "$(TARGET_NAME)";
				SWIFT_VERSION = 3.0;
				TEST_HOST = "$(BUILT_PRODUCTS_DIR)/Snap2Save.app/Snap2Save";
			};
			name = Debug;
		};
		E88BA5741DF53C1300714C65 /* Release */ = {
			isa = XCBuildConfiguration;
			baseConfigurationReference = 6F98011C784DEC5A46937289 /* Pods-Snap2SaveTests.release.xcconfig */;
			buildSettings = {
				ALWAYS_EMBED_SWIFT_STANDARD_LIBRARIES = YES;
				BUNDLE_LOADER = "$(TEST_HOST)";
				INFOPLIST_FILE = Snap2SaveTests/Info.plist;
				LD_RUNPATH_SEARCH_PATHS = "$(inherited) @executable_path/Frameworks @loader_path/Frameworks";
				PRODUCT_BUNDLE_IDENTIFIER = com.appit.Snap2SaveTests;
				PRODUCT_NAME = "$(TARGET_NAME)";
				SWIFT_VERSION = 3.0;
				TEST_HOST = "$(BUILT_PRODUCTS_DIR)/Snap2Save.app/Snap2Save";
			};
			name = Release;
		};
		E88BA5761DF53C1300714C65 /* Debug */ = {
			isa = XCBuildConfiguration;
			baseConfigurationReference = 0A04D45C935B15E8F8735FB7 /* Pods-Snap2SaveUITests.debug.xcconfig */;
			buildSettings = {
				ALWAYS_EMBED_SWIFT_STANDARD_LIBRARIES = YES;
				INFOPLIST_FILE = Snap2SaveUITests/Info.plist;
				LD_RUNPATH_SEARCH_PATHS = "$(inherited) @executable_path/Frameworks @loader_path/Frameworks";
				PRODUCT_BUNDLE_IDENTIFIER = com.appit.Snap2SaveUITests;
				PRODUCT_NAME = "$(TARGET_NAME)";
				SWIFT_VERSION = 3.0;
				TEST_TARGET_NAME = Snap2Save;
			};
			name = Debug;
		};
		E88BA5771DF53C1300714C65 /* Release */ = {
			isa = XCBuildConfiguration;
			baseConfigurationReference = EE89FE688344248033784E1E /* Pods-Snap2SaveUITests.release.xcconfig */;
			buildSettings = {
				ALWAYS_EMBED_SWIFT_STANDARD_LIBRARIES = YES;
				INFOPLIST_FILE = Snap2SaveUITests/Info.plist;
				LD_RUNPATH_SEARCH_PATHS = "$(inherited) @executable_path/Frameworks @loader_path/Frameworks";
				PRODUCT_BUNDLE_IDENTIFIER = com.appit.Snap2SaveUITests;
				PRODUCT_NAME = "$(TARGET_NAME)";
				SWIFT_VERSION = 3.0;
				TEST_TARGET_NAME = Snap2Save;
			};
			name = Release;
		};
/* End XCBuildConfiguration section */

/* Begin XCConfigurationList section */
		E88BA5421DF53C1300714C65 /* Build configuration list for PBXProject "Snap2Save" */ = {
			isa = XCConfigurationList;
			buildConfigurations = (
				E88BA56D1DF53C1300714C65 /* Debug */,
				E88BA56E1DF53C1300714C65 /* Release */,
			);
			defaultConfigurationIsVisible = 0;
			defaultConfigurationName = Release;
		};
		E88BA56F1DF53C1300714C65 /* Build configuration list for PBXNativeTarget "Snap2Save" */ = {
			isa = XCConfigurationList;
			buildConfigurations = (
				E88BA5701DF53C1300714C65 /* Debug */,
				E88BA5711DF53C1300714C65 /* Release */,
			);
			defaultConfigurationIsVisible = 0;
			defaultConfigurationName = Release;
		};
		E88BA5721DF53C1300714C65 /* Build configuration list for PBXNativeTarget "Snap2SaveTests" */ = {
			isa = XCConfigurationList;
			buildConfigurations = (
				E88BA5731DF53C1300714C65 /* Debug */,
				E88BA5741DF53C1300714C65 /* Release */,
			);
			defaultConfigurationIsVisible = 0;
			defaultConfigurationName = Release;
		};
		E88BA5751DF53C1300714C65 /* Build configuration list for PBXNativeTarget "Snap2SaveUITests" */ = {
			isa = XCConfigurationList;
			buildConfigurations = (
				E88BA5761DF53C1300714C65 /* Debug */,
				E88BA5771DF53C1300714C65 /* Release */,
			);
			defaultConfigurationIsVisible = 0;
			defaultConfigurationName = Release;
		};
/* End XCConfigurationList section */
	};
	rootObject = E88BA53F1DF53C1300714C65 /* Project object */;
}
