// !$*UTF8*$!
{
	archiveVersion = 1;
	classes = {
	};
	objectVersion = 46;
	objects = {

/* Begin PBXBuildFile section */
		52949BC23A183914DF6D1992 /* Pods_Snap2Save.framework in Frameworks */ = {isa = PBXBuildFile; fileRef = 70471D2506ED2958DD55B987 /* Pods_Snap2Save.framework */; };
		6EB2D01CF1914BAE898F61AF /* Pods_Snap2SaveUITests.framework in Frameworks */ = {isa = PBXBuildFile; fileRef = 95C10791D8C680864FEE2148 /* Pods_Snap2SaveUITests.framework */; };
		ADAD175DD539ADB713A16CA4 /* Pods_Snap2SaveTests.framework in Frameworks */ = {isa = PBXBuildFile; fileRef = A18F168741D7F3E112F16B88 /* Pods_Snap2SaveTests.framework */; };
		E826FBCD1E0917BD0089AEA6 /* AppHelper.swift in Sources */ = {isa = PBXBuildFile; fileRef = E826FBCC1E0917BD0089AEA6 /* AppHelper.swift */; };
		E826FBCF1E0932830089AEA6 /* Home.storyboard in Resources */ = {isa = PBXBuildFile; fileRef = E826FBCE1E0932830089AEA6 /* Home.storyboard */; };
		E84AE9CC1E07F2CA00C5E7F3 /* LoginVC.swift in Sources */ = {isa = PBXBuildFile; fileRef = E84AE9CB1E07F2CA00C5E7F3 /* LoginVC.swift */; };
		E84AE9CE1E07F35B00C5E7F3 /* SignupTVC.swift in Sources */ = {isa = PBXBuildFile; fileRef = E84AE9CD1E07F35B00C5E7F3 /* SignupTVC.swift */; };
		E84AE9D01E07F37D00C5E7F3 /* SignupAdditionalFieldsTVC.swift in Sources */ = {isa = PBXBuildFile; fileRef = E84AE9CF1E07F37D00C5E7F3 /* SignupAdditionalFieldsTVC.swift */; };
		E84AE9D31E07F47E00C5E7F3 /* WelcomePageVC.swift in Sources */ = {isa = PBXBuildFile; fileRef = E84AE9D21E07F47E00C5E7F3 /* WelcomePageVC.swift */; };
		E84AE9D51E07F4B100C5E7F3 /* ForgotPasswordVC.swift in Sources */ = {isa = PBXBuildFile; fileRef = E84AE9D41E07F4B100C5E7F3 /* ForgotPasswordVC.swift */; };
		E84AE9D71E07F4BC00C5E7F3 /* ResetPasswordVC.swift in Sources */ = {isa = PBXBuildFile; fileRef = E84AE9D61E07F4BC00C5E7F3 /* ResetPasswordVC.swift */; };
		E84AE9DA1E07F53300C5E7F3 /* AccountTVC.swift in Sources */ = {isa = PBXBuildFile; fileRef = E84AE9D91E07F53300C5E7F3 /* AccountTVC.swift */; };
		E84AE9DC1E07F57800C5E7F3 /* PersonalInformationTVC.swift in Sources */ = {isa = PBXBuildFile; fileRef = E84AE9DB1E07F57800C5E7F3 /* PersonalInformationTVC.swift */; };
		E84AE9DE1E07F5EE00C5E7F3 /* PreferencesTVC.swift in Sources */ = {isa = PBXBuildFile; fileRef = E84AE9DD1E07F5EE00C5E7F3 /* PreferencesTVC.swift */; };
		E84AE9E31E0821B900C5E7F3 /* AITextField.swift in Sources */ = {isa = PBXBuildFile; fileRef = E84AE9E21E0821B900C5E7F3 /* AITextField.swift */; };
		E88BA54B1DF53C1300714C65 /* AppDelegate.swift in Sources */ = {isa = PBXBuildFile; fileRef = E88BA54A1DF53C1300714C65 /* AppDelegate.swift */; };
		E88BA5501DF53C1300714C65 /* Main.storyboard in Resources */ = {isa = PBXBuildFile; fileRef = E88BA54E1DF53C1300714C65 /* Main.storyboard */; };
		E88BA5521DF53C1300714C65 /* Assets.xcassets in Resources */ = {isa = PBXBuildFile; fileRef = E88BA5511DF53C1300714C65 /* Assets.xcassets */; };
		E88BA5551DF53C1300714C65 /* LaunchScreen.storyboard in Resources */ = {isa = PBXBuildFile; fileRef = E88BA5531DF53C1300714C65 /* LaunchScreen.storyboard */; };
		E88BA5601DF53C1300714C65 /* Snap2SaveTests.swift in Sources */ = {isa = PBXBuildFile; fileRef = E88BA55F1DF53C1300714C65 /* Snap2SaveTests.swift */; };
		E88BA56B1DF53C1300714C65 /* Snap2SaveUITests.swift in Sources */ = {isa = PBXBuildFile; fileRef = E88BA56A1DF53C1300714C65 /* Snap2SaveUITests.swift */; };
		E88BA57C1DF53D1500714C65 /* LandingVC.swift in Sources */ = {isa = PBXBuildFile; fileRef = E88BA57B1DF53D1500714C65 /* LandingVC.swift */; };
		E88BA59A1DF5B25D00714C65 /* Localizable.strings in Resources */ = {isa = PBXBuildFile; fileRef = E88BA59C1DF5B25D00714C65 /* Localizable.strings */; };
/* End PBXBuildFile section */

/* Begin PBXContainerItemProxy section */
		E88BA55C1DF53C1300714C65 /* PBXContainerItemProxy */ = {
			isa = PBXContainerItemProxy;
			containerPortal = E88BA53F1DF53C1300714C65 /* Project object */;
			proxyType = 1;
			remoteGlobalIDString = E88BA5461DF53C1300714C65;
			remoteInfo = Snap2Save;
		};
		E88BA5671DF53C1300714C65 /* PBXContainerItemProxy */ = {
			isa = PBXContainerItemProxy;
			containerPortal = E88BA53F1DF53C1300714C65 /* Project object */;
			proxyType = 1;
			remoteGlobalIDString = E88BA5461DF53C1300714C65;
			remoteInfo = Snap2Save;
		};
/* End PBXContainerItemProxy section */

/* Begin PBXFileReference section */
		01D642EF4D8FB61B5E3AF801 /* Pods-Snap2SaveTests.release.xcconfig */ = {isa = PBXFileReference; includeInIndex = 1; lastKnownFileType = text.xcconfig; name = "Pods-Snap2SaveTests.release.xcconfig"; path = "Pods/Target Support Files/Pods-Snap2SaveTests/Pods-Snap2SaveTests.release.xcconfig"; sourceTree = "<group>"; };
		23C55B236A435BA0D7B2F840 /* Pods-Snap2Save.debug.xcconfig */ = {isa = PBXFileReference; includeInIndex = 1; lastKnownFileType = text.xcconfig; name = "Pods-Snap2Save.debug.xcconfig"; path = "Pods/Target Support Files/Pods-Snap2Save/Pods-Snap2Save.debug.xcconfig"; sourceTree = "<group>"; };
		390369A27A4965626A26EA86 /* Pods-Snap2Save.release.xcconfig */ = {isa = PBXFileReference; includeInIndex = 1; lastKnownFileType = text.xcconfig; name = "Pods-Snap2Save.release.xcconfig"; path = "Pods/Target Support Files/Pods-Snap2Save/Pods-Snap2Save.release.xcconfig"; sourceTree = "<group>"; };
		46C44F5042A0C6D237EF6803 /* Pods-Snap2SaveTests.debug.xcconfig */ = {isa = PBXFileReference; includeInIndex = 1; lastKnownFileType = text.xcconfig; name = "Pods-Snap2SaveTests.debug.xcconfig"; path = "Pods/Target Support Files/Pods-Snap2SaveTests/Pods-Snap2SaveTests.debug.xcconfig"; sourceTree = "<group>"; };
		70471D2506ED2958DD55B987 /* Pods_Snap2Save.framework */ = {isa = PBXFileReference; explicitFileType = wrapper.framework; includeInIndex = 0; path = Pods_Snap2Save.framework; sourceTree = BUILT_PRODUCTS_DIR; };
		95C10791D8C680864FEE2148 /* Pods_Snap2SaveUITests.framework */ = {isa = PBXFileReference; explicitFileType = wrapper.framework; includeInIndex = 0; path = Pods_Snap2SaveUITests.framework; sourceTree = BUILT_PRODUCTS_DIR; };
		A18F168741D7F3E112F16B88 /* Pods_Snap2SaveTests.framework */ = {isa = PBXFileReference; explicitFileType = wrapper.framework; includeInIndex = 0; path = Pods_Snap2SaveTests.framework; sourceTree = BUILT_PRODUCTS_DIR; };
		CF7E97EAA3E320EEC646D6B9 /* Pods-Snap2SaveUITests.release.xcconfig */ = {isa = PBXFileReference; includeInIndex = 1; lastKnownFileType = text.xcconfig; name = "Pods-Snap2SaveUITests.release.xcconfig"; path = "Pods/Target Support Files/Pods-Snap2SaveUITests/Pods-Snap2SaveUITests.release.xcconfig"; sourceTree = "<group>"; };
		E826FBCC1E0917BD0089AEA6 /* AppHelper.swift */ = {isa = PBXFileReference; fileEncoding = 4; lastKnownFileType = sourcecode.swift; path = AppHelper.swift; sourceTree = "<group>"; };
		E826FBCE1E0932830089AEA6 /* Home.storyboard */ = {isa = PBXFileReference; fileEncoding = 4; lastKnownFileType = file.storyboard; path = Home.storyboard; sourceTree = "<group>"; };
		E84AE9CB1E07F2CA00C5E7F3 /* LoginVC.swift */ = {isa = PBXFileReference; fileEncoding = 4; lastKnownFileType = sourcecode.swift; path = LoginVC.swift; sourceTree = "<group>"; };
		E84AE9CD1E07F35B00C5E7F3 /* SignupTVC.swift */ = {isa = PBXFileReference; fileEncoding = 4; lastKnownFileType = sourcecode.swift; path = SignupTVC.swift; sourceTree = "<group>"; };
		E84AE9CF1E07F37D00C5E7F3 /* SignupAdditionalFieldsTVC.swift */ = {isa = PBXFileReference; fileEncoding = 4; lastKnownFileType = sourcecode.swift; path = SignupAdditionalFieldsTVC.swift; sourceTree = "<group>"; };
		E84AE9D21E07F47E00C5E7F3 /* WelcomePageVC.swift */ = {isa = PBXFileReference; fileEncoding = 4; lastKnownFileType = sourcecode.swift; path = WelcomePageVC.swift; sourceTree = "<group>"; };
		E84AE9D41E07F4B100C5E7F3 /* ForgotPasswordVC.swift */ = {isa = PBXFileReference; fileEncoding = 4; lastKnownFileType = sourcecode.swift; path = ForgotPasswordVC.swift; sourceTree = "<group>"; };
		E84AE9D61E07F4BC00C5E7F3 /* ResetPasswordVC.swift */ = {isa = PBXFileReference; fileEncoding = 4; lastKnownFileType = sourcecode.swift; path = ResetPasswordVC.swift; sourceTree = "<group>"; };
		E84AE9D91E07F53300C5E7F3 /* AccountTVC.swift */ = {isa = PBXFileReference; fileEncoding = 4; lastKnownFileType = sourcecode.swift; path = AccountTVC.swift; sourceTree = "<group>"; };
		E84AE9DB1E07F57800C5E7F3 /* PersonalInformationTVC.swift */ = {isa = PBXFileReference; fileEncoding = 4; lastKnownFileType = sourcecode.swift; path = PersonalInformationTVC.swift; sourceTree = "<group>"; };
		E84AE9DD1E07F5EE00C5E7F3 /* PreferencesTVC.swift */ = {isa = PBXFileReference; fileEncoding = 4; lastKnownFileType = sourcecode.swift; path = PreferencesTVC.swift; sourceTree = "<group>"; };
		E84AE9E21E0821B900C5E7F3 /* AITextField.swift */ = {isa = PBXFileReference; fileEncoding = 4; lastKnownFileType = sourcecode.swift; path = AITextField.swift; sourceTree = "<group>"; };
		E88BA5471DF53C1300714C65 /* Snap2Save.app */ = {isa = PBXFileReference; explicitFileType = wrapper.application; includeInIndex = 0; path = Snap2Save.app; sourceTree = BUILT_PRODUCTS_DIR; };
		E88BA54A1DF53C1300714C65 /* AppDelegate.swift */ = {isa = PBXFileReference; lastKnownFileType = sourcecode.swift; path = AppDelegate.swift; sourceTree = "<group>"; };
		E88BA54F1DF53C1300714C65 /* Base */ = {isa = PBXFileReference; lastKnownFileType = file.storyboard; name = Base; path = Base.lproj/Main.storyboard; sourceTree = "<group>"; };
		E88BA5511DF53C1300714C65 /* Assets.xcassets */ = {isa = PBXFileReference; lastKnownFileType = folder.assetcatalog; path = Assets.xcassets; sourceTree = "<group>"; };
		E88BA5541DF53C1300714C65 /* Base */ = {isa = PBXFileReference; lastKnownFileType = file.storyboard; name = Base; path = Base.lproj/LaunchScreen.storyboard; sourceTree = "<group>"; };
		E88BA5561DF53C1300714C65 /* Info.plist */ = {isa = PBXFileReference; lastKnownFileType = text.plist.xml; path = Info.plist; sourceTree = "<group>"; };
		E88BA55B1DF53C1300714C65 /* Snap2SaveTests.xctest */ = {isa = PBXFileReference; explicitFileType = wrapper.cfbundle; includeInIndex = 0; path = Snap2SaveTests.xctest; sourceTree = BUILT_PRODUCTS_DIR; };
		E88BA55F1DF53C1300714C65 /* Snap2SaveTests.swift */ = {isa = PBXFileReference; lastKnownFileType = sourcecode.swift; path = Snap2SaveTests.swift; sourceTree = "<group>"; };
		E88BA5611DF53C1300714C65 /* Info.plist */ = {isa = PBXFileReference; lastKnownFileType = text.plist.xml; path = Info.plist; sourceTree = "<group>"; };
		E88BA5661DF53C1300714C65 /* Snap2SaveUITests.xctest */ = {isa = PBXFileReference; explicitFileType = wrapper.cfbundle; includeInIndex = 0; path = Snap2SaveUITests.xctest; sourceTree = BUILT_PRODUCTS_DIR; };
		E88BA56A1DF53C1300714C65 /* Snap2SaveUITests.swift */ = {isa = PBXFileReference; lastKnownFileType = sourcecode.swift; path = Snap2SaveUITests.swift; sourceTree = "<group>"; };
		E88BA56C1DF53C1300714C65 /* Info.plist */ = {isa = PBXFileReference; lastKnownFileType = text.plist.xml; path = Info.plist; sourceTree = "<group>"; };
		E88BA57B1DF53D1500714C65 /* LandingVC.swift */ = {isa = PBXFileReference; fileEncoding = 4; lastKnownFileType = sourcecode.swift; path = LandingVC.swift; sourceTree = "<group>"; };
		E88BA5961DF5B1CA00714C65 /* es */ = {isa = PBXFileReference; lastKnownFileType = text.plist.strings; name = es; path = es.lproj/Main.strings; sourceTree = "<group>"; };
		E88BA5971DF5B1CA00714C65 /* es */ = {isa = PBXFileReference; lastKnownFileType = text.plist.strings; name = es; path = es.lproj/LaunchScreen.strings; sourceTree = "<group>"; };
		E88BA59B1DF5B25D00714C65 /* en */ = {isa = PBXFileReference; lastKnownFileType = text.plist.strings; name = en; path = en.lproj/Localizable.strings; sourceTree = "<group>"; };
		E88BA59D1DF5B26100714C65 /* es */ = {isa = PBXFileReference; lastKnownFileType = text.plist.strings; name = es; path = es.lproj/Localizable.strings; sourceTree = "<group>"; };
		EFDB6F762935CD4621302544 /* Pods-Snap2SaveUITests.debug.xcconfig */ = {isa = PBXFileReference; includeInIndex = 1; lastKnownFileType = text.xcconfig; name = "Pods-Snap2SaveUITests.debug.xcconfig"; path = "Pods/Target Support Files/Pods-Snap2SaveUITests/Pods-Snap2SaveUITests.debug.xcconfig"; sourceTree = "<group>"; };
/* End PBXFileReference section */

/* Begin PBXFrameworksBuildPhase section */
		E88BA5441DF53C1300714C65 /* Frameworks */ = {
			isa = PBXFrameworksBuildPhase;
			buildActionMask = 2147483647;
			files = (
				52949BC23A183914DF6D1992 /* Pods_Snap2Save.framework in Frameworks */,
			);
			runOnlyForDeploymentPostprocessing = 0;
		};
		E88BA5581DF53C1300714C65 /* Frameworks */ = {
			isa = PBXFrameworksBuildPhase;
			buildActionMask = 2147483647;
			files = (
				ADAD175DD539ADB713A16CA4 /* Pods_Snap2SaveTests.framework in Frameworks */,
			);
			runOnlyForDeploymentPostprocessing = 0;
		};
		E88BA5631DF53C1300714C65 /* Frameworks */ = {
			isa = PBXFrameworksBuildPhase;
			buildActionMask = 2147483647;
			files = (
				6EB2D01CF1914BAE898F61AF /* Pods_Snap2SaveUITests.framework in Frameworks */,
			);
			runOnlyForDeploymentPostprocessing = 0;
		};
/* End PBXFrameworksBuildPhase section */

/* Begin PBXGroup section */
		40000D964F18893D39F24818 /* Frameworks */ = {
			isa = PBXGroup;
			children = (
				70471D2506ED2958DD55B987 /* Pods_Snap2Save.framework */,
				A18F168741D7F3E112F16B88 /* Pods_Snap2SaveTests.framework */,
				95C10791D8C680864FEE2148 /* Pods_Snap2SaveUITests.framework */,
			);
			name = Frameworks;
			sourceTree = "<group>";
		};
		A5AC032866C285AFF18A5452 /* Pods */ = {
			isa = PBXGroup;
			children = (
				23C55B236A435BA0D7B2F840 /* Pods-Snap2Save.debug.xcconfig */,
				390369A27A4965626A26EA86 /* Pods-Snap2Save.release.xcconfig */,
				46C44F5042A0C6D237EF6803 /* Pods-Snap2SaveTests.debug.xcconfig */,
				01D642EF4D8FB61B5E3AF801 /* Pods-Snap2SaveTests.release.xcconfig */,
				EFDB6F762935CD4621302544 /* Pods-Snap2SaveUITests.debug.xcconfig */,
				CF7E97EAA3E320EEC646D6B9 /* Pods-Snap2SaveUITests.release.xcconfig */,
			);
			name = Pods;
			sourceTree = "<group>";
		};
		E84AE9C81E07F28300C5E7F3 /* View */ = {
			isa = PBXGroup;
			children = (
			);
			path = View;
			sourceTree = "<group>";
		};
		E84AE9C91E07F2A000C5E7F3 /* Registration */ = {
			isa = PBXGroup;
			children = (
				E84AE9CD1E07F35B00C5E7F3 /* SignupTVC.swift */,
				E84AE9CF1E07F37D00C5E7F3 /* SignupAdditionalFieldsTVC.swift */,
				E84AE9D21E07F47E00C5E7F3 /* WelcomePageVC.swift */,
			);
			path = Registration;
			sourceTree = "<group>";
		};
		E84AE9CA1E07F2B300C5E7F3 /* Login */ = {
			isa = PBXGroup;
			children = (
				E84AE9CB1E07F2CA00C5E7F3 /* LoginVC.swift */,
				E84AE9D41E07F4B100C5E7F3 /* ForgotPasswordVC.swift */,
				E84AE9D61E07F4BC00C5E7F3 /* ResetPasswordVC.swift */,
			);
			path = Login;
			sourceTree = "<group>";
		};
		E84AE9D81E07F50600C5E7F3 /* Account */ = {
			isa = PBXGroup;
			children = (
				E84AE9D91E07F53300C5E7F3 /* AccountTVC.swift */,
				E84AE9DB1E07F57800C5E7F3 /* PersonalInformationTVC.swift */,
				E84AE9DD1E07F5EE00C5E7F3 /* PreferencesTVC.swift */,
			);
			path = Account;
			sourceTree = "<group>";
		};
		E84AE9E11E0821AB00C5E7F3 /* Helpers */ = {
			isa = PBXGroup;
			children = (
				E826FBCC1E0917BD0089AEA6 /* AppHelper.swift */,
				E84AE9E21E0821B900C5E7F3 /* AITextField.swift */,
			);
			path = Helpers;
			sourceTree = "<group>";
		};
		E88BA53E1DF53C1200714C65 = {
			isa = PBXGroup;
			children = (
				E88BA5491DF53C1300714C65 /* Snap2Save */,
				E88BA55E1DF53C1300714C65 /* Snap2SaveTests */,
				E88BA5691DF53C1300714C65 /* Snap2SaveUITests */,
				E88BA5481DF53C1300714C65 /* Products */,
				A5AC032866C285AFF18A5452 /* Pods */,
				40000D964F18893D39F24818 /* Frameworks */,
			);
			sourceTree = "<group>";
		};
		E88BA5481DF53C1300714C65 /* Products */ = {
			isa = PBXGroup;
			children = (
				E88BA5471DF53C1300714C65 /* Snap2Save.app */,
				E88BA55B1DF53C1300714C65 /* Snap2SaveTests.xctest */,
				E88BA5661DF53C1300714C65 /* Snap2SaveUITests.xctest */,
			);
			name = Products;
			sourceTree = "<group>";
		};
		E88BA5491DF53C1300714C65 /* Snap2Save */ = {
			isa = PBXGroup;
			children = (
				E88BA54A1DF53C1300714C65 /* AppDelegate.swift */,
				E84AE9E11E0821AB00C5E7F3 /* Helpers */,
				E88BA5791DF53CF500714C65 /* Model */,
				E84AE9C81E07F28300C5E7F3 /* View */,
				E88BA5781DF53CD600714C65 /* Controller */,
				E88BA54E1DF53C1300714C65 /* Main.storyboard */,
				E826FBCE1E0932830089AEA6 /* Home.storyboard */,
				E88BA5511DF53C1300714C65 /* Assets.xcassets */,
				E88BA59C1DF5B25D00714C65 /* Localizable.strings */,
				E88BA5531DF53C1300714C65 /* LaunchScreen.storyboard */,
				E88BA5561DF53C1300714C65 /* Info.plist */,
			);
			path = Snap2Save;
			sourceTree = "<group>";
		};
		E88BA55E1DF53C1300714C65 /* Snap2SaveTests */ = {
			isa = PBXGroup;
			children = (
				E88BA55F1DF53C1300714C65 /* Snap2SaveTests.swift */,
				E88BA5611DF53C1300714C65 /* Info.plist */,
			);
			path = Snap2SaveTests;
			sourceTree = "<group>";
		};
		E88BA5691DF53C1300714C65 /* Snap2SaveUITests */ = {
			isa = PBXGroup;
			children = (
				E88BA56A1DF53C1300714C65 /* Snap2SaveUITests.swift */,
				E88BA56C1DF53C1300714C65 /* Info.plist */,
			);
			path = Snap2SaveUITests;
			sourceTree = "<group>";
		};
		E88BA5781DF53CD600714C65 /* Controller */ = {
			isa = PBXGroup;
			children = (
				E88BA57B1DF53D1500714C65 /* LandingVC.swift */,
				E84AE9CA1E07F2B300C5E7F3 /* Login */,
				E84AE9C91E07F2A000C5E7F3 /* Registration */,
				E84AE9D81E07F50600C5E7F3 /* Account */,
			);
			path = Controller;
			sourceTree = "<group>";
		};
		E88BA5791DF53CF500714C65 /* Model */ = {
			isa = PBXGroup;
			children = (
			);
			path = Model;
			sourceTree = "<group>";
		};
/* End PBXGroup section */

/* Begin PBXNativeTarget section */
		E88BA5461DF53C1300714C65 /* Snap2Save */ = {
			isa = PBXNativeTarget;
			buildConfigurationList = E88BA56F1DF53C1300714C65 /* Build configuration list for PBXNativeTarget "Snap2Save" */;
			buildPhases = (
				4734F9CBF5CCECF9F75E7268 /* [CP] Check Pods Manifest.lock */,
				E88BA5431DF53C1300714C65 /* Sources */,
				E88BA5441DF53C1300714C65 /* Frameworks */,
				E88BA5451DF53C1300714C65 /* Resources */,
				8FED331991A43E97A3A505BD /* [CP] Embed Pods Frameworks */,
				A2188C599B0232C370C6CDD2 /* [CP] Copy Pods Resources */,
			);
			buildRules = (
			);
			dependencies = (
			);
			name = Snap2Save;
			productName = Snap2Save;
			productReference = E88BA5471DF53C1300714C65 /* Snap2Save.app */;
			productType = "com.apple.product-type.application";
		};
		E88BA55A1DF53C1300714C65 /* Snap2SaveTests */ = {
			isa = PBXNativeTarget;
			buildConfigurationList = E88BA5721DF53C1300714C65 /* Build configuration list for PBXNativeTarget "Snap2SaveTests" */;
			buildPhases = (
				C8471602E50DF9F20E5A3BF7 /* [CP] Check Pods Manifest.lock */,
				E88BA5571DF53C1300714C65 /* Sources */,
				E88BA5581DF53C1300714C65 /* Frameworks */,
				E88BA5591DF53C1300714C65 /* Resources */,
				6F32594BA67D4D2EA7DF241D /* [CP] Embed Pods Frameworks */,
				AE448CAD8AABF5BE70C52FF6 /* [CP] Copy Pods Resources */,
			);
			buildRules = (
			);
			dependencies = (
				E88BA55D1DF53C1300714C65 /* PBXTargetDependency */,
			);
			name = Snap2SaveTests;
			productName = Snap2SaveTests;
			productReference = E88BA55B1DF53C1300714C65 /* Snap2SaveTests.xctest */;
			productType = "com.apple.product-type.bundle.unit-test";
		};
		E88BA5651DF53C1300714C65 /* Snap2SaveUITests */ = {
			isa = PBXNativeTarget;
			buildConfigurationList = E88BA5751DF53C1300714C65 /* Build configuration list for PBXNativeTarget "Snap2SaveUITests" */;
			buildPhases = (
				B913E39EC42B0E2A20804F37 /* [CP] Check Pods Manifest.lock */,
				E88BA5621DF53C1300714C65 /* Sources */,
				E88BA5631DF53C1300714C65 /* Frameworks */,
				E88BA5641DF53C1300714C65 /* Resources */,
				56C931F49DD7A5AFDE8CA466 /* [CP] Embed Pods Frameworks */,
				7CB486B9439844A7EE6DFBF0 /* [CP] Copy Pods Resources */,
			);
			buildRules = (
			);
			dependencies = (
				E88BA5681DF53C1300714C65 /* PBXTargetDependency */,
			);
			name = Snap2SaveUITests;
			productName = Snap2SaveUITests;
			productReference = E88BA5661DF53C1300714C65 /* Snap2SaveUITests.xctest */;
			productType = "com.apple.product-type.bundle.ui-testing";
		};
/* End PBXNativeTarget section */

/* Begin PBXProject section */
		E88BA53F1DF53C1300714C65 /* Project object */ = {
			isa = PBXProject;
			attributes = {
				LastSwiftUpdateCheck = 0810;
				LastUpgradeCheck = 0810;
				ORGANIZATIONNAME = Appit;
				TargetAttributes = {
					E88BA5461DF53C1300714C65 = {
						CreatedOnToolsVersion = 8.1;
						DevelopmentTeam = U76Y58U2TN;
						ProvisioningStyle = Automatic;
					};
					E88BA55A1DF53C1300714C65 = {
						CreatedOnToolsVersion = 8.1;
						ProvisioningStyle = Automatic;
						TestTargetID = E88BA5461DF53C1300714C65;
					};
					E88BA5651DF53C1300714C65 = {
						CreatedOnToolsVersion = 8.1;
						ProvisioningStyle = Automatic;
						TestTargetID = E88BA5461DF53C1300714C65;
					};
				};
			};
			buildConfigurationList = E88BA5421DF53C1300714C65 /* Build configuration list for PBXProject "Snap2Save" */;
			compatibilityVersion = "Xcode 3.2";
			developmentRegion = English;
			hasScannedForEncodings = 0;
			knownRegions = (
				en,
				Base,
				es,
			);
			mainGroup = E88BA53E1DF53C1200714C65;
			productRefGroup = E88BA5481DF53C1300714C65 /* Products */;
			projectDirPath = "";
			projectRoot = "";
			targets = (
				E88BA5461DF53C1300714C65 /* Snap2Save */,
				E88BA55A1DF53C1300714C65 /* Snap2SaveTests */,
				E88BA5651DF53C1300714C65 /* Snap2SaveUITests */,
			);
		};
/* End PBXProject section */

/* Begin PBXResourcesBuildPhase section */
		E88BA5451DF53C1300714C65 /* Resources */ = {
			isa = PBXResourcesBuildPhase;
			buildActionMask = 2147483647;
			files = (
				E88BA5551DF53C1300714C65 /* LaunchScreen.storyboard in Resources */,
				E826FBCF1E0932830089AEA6 /* Home.storyboard in Resources */,
				E88BA59A1DF5B25D00714C65 /* Localizable.strings in Resources */,
				E88BA5521DF53C1300714C65 /* Assets.xcassets in Resources */,
				E88BA5501DF53C1300714C65 /* Main.storyboard in Resources */,
			);
			runOnlyForDeploymentPostprocessing = 0;
		};
		E88BA5591DF53C1300714C65 /* Resources */ = {
			isa = PBXResourcesBuildPhase;
			buildActionMask = 2147483647;
			files = (
			);
			runOnlyForDeploymentPostprocessing = 0;
		};
		E88BA5641DF53C1300714C65 /* Resources */ = {
			isa = PBXResourcesBuildPhase;
			buildActionMask = 2147483647;
			files = (
			);
			runOnlyForDeploymentPostprocessing = 0;
		};
/* End PBXResourcesBuildPhase section */

/* Begin PBXShellScriptBuildPhase section */
		4734F9CBF5CCECF9F75E7268 /* [CP] Check Pods Manifest.lock */ = {
			isa = PBXShellScriptBuildPhase;
			buildActionMask = 2147483647;
			files = (
			);
			inputPaths = (
			);
			name = "[CP] Check Pods Manifest.lock";
			outputPaths = (
			);
			runOnlyForDeploymentPostprocessing = 0;
			shellPath = /bin/sh;
			shellScript = "diff \"${PODS_ROOT}/../Podfile.lock\" \"${PODS_ROOT}/Manifest.lock\" > /dev/null\nif [ $? != 0 ] ; then\n    # print error to STDERR\n    echo \"error: The sandbox is not in sync with the Podfile.lock. Run 'pod install' or update your CocoaPods installation.\" >&2\n    exit 1\nfi\n";
			showEnvVarsInLog = 0;
		};
		56C931F49DD7A5AFDE8CA466 /* [CP] Embed Pods Frameworks */ = {
			isa = PBXShellScriptBuildPhase;
			buildActionMask = 2147483647;
			files = (
			);
			inputPaths = (
			);
			name = "[CP] Embed Pods Frameworks";
			outputPaths = (
			);
			runOnlyForDeploymentPostprocessing = 0;
			shellPath = /bin/sh;
			shellScript = "\"${SRCROOT}/Pods/Target Support Files/Pods-Snap2SaveUITests/Pods-Snap2SaveUITests-frameworks.sh\"\n";
			showEnvVarsInLog = 0;
		};
		6F32594BA67D4D2EA7DF241D /* [CP] Embed Pods Frameworks */ = {
			isa = PBXShellScriptBuildPhase;
			buildActionMask = 2147483647;
			files = (
			);
			inputPaths = (
			);
			name = "[CP] Embed Pods Frameworks";
			outputPaths = (
			);
			runOnlyForDeploymentPostprocessing = 0;
			shellPath = /bin/sh;
			shellScript = "\"${SRCROOT}/Pods/Target Support Files/Pods-Snap2SaveTests/Pods-Snap2SaveTests-frameworks.sh\"\n";
			showEnvVarsInLog = 0;
		};
		7CB486B9439844A7EE6DFBF0 /* [CP] Copy Pods Resources */ = {
			isa = PBXShellScriptBuildPhase;
			buildActionMask = 2147483647;
			files = (
			);
			inputPaths = (
			);
			name = "[CP] Copy Pods Resources";
			outputPaths = (
			);
			runOnlyForDeploymentPostprocessing = 0;
			shellPath = /bin/sh;
			shellScript = "\"${SRCROOT}/Pods/Target Support Files/Pods-Snap2SaveUITests/Pods-Snap2SaveUITests-resources.sh\"\n";
			showEnvVarsInLog = 0;
		};
		8FED331991A43E97A3A505BD /* [CP] Embed Pods Frameworks */ = {
			isa = PBXShellScriptBuildPhase;
			buildActionMask = 2147483647;
			files = (
			);
			inputPaths = (
			);
			name = "[CP] Embed Pods Frameworks";
			outputPaths = (
			);
			runOnlyForDeploymentPostprocessing = 0;
			shellPath = /bin/sh;
			shellScript = "\"${SRCROOT}/Pods/Target Support Files/Pods-Snap2Save/Pods-Snap2Save-frameworks.sh\"\n";
			showEnvVarsInLog = 0;
		};
		A2188C599B0232C370C6CDD2 /* [CP] Copy Pods Resources */ = {
			isa = PBXShellScriptBuildPhase;
			buildActionMask = 2147483647;
			files = (
			);
			inputPaths = (
			);
			name = "[CP] Copy Pods Resources";
			outputPaths = (
			);
			runOnlyForDeploymentPostprocessing = 0;
			shellPath = /bin/sh;
			shellScript = "\"${SRCROOT}/Pods/Target Support Files/Pods-Snap2Save/Pods-Snap2Save-resources.sh\"\n";
			showEnvVarsInLog = 0;
		};
		AE448CAD8AABF5BE70C52FF6 /* [CP] Copy Pods Resources */ = {
			isa = PBXShellScriptBuildPhase;
			buildActionMask = 2147483647;
			files = (
			);
			inputPaths = (
			);
			name = "[CP] Copy Pods Resources";
			outputPaths = (
			);
			runOnlyForDeploymentPostprocessing = 0;
			shellPath = /bin/sh;
			shellScript = "\"${SRCROOT}/Pods/Target Support Files/Pods-Snap2SaveTests/Pods-Snap2SaveTests-resources.sh\"\n";
			showEnvVarsInLog = 0;
		};
		B913E39EC42B0E2A20804F37 /* [CP] Check Pods Manifest.lock */ = {
			isa = PBXShellScriptBuildPhase;
			buildActionMask = 2147483647;
			files = (
			);
			inputPaths = (
			);
			name = "[CP] Check Pods Manifest.lock";
			outputPaths = (
			);
			runOnlyForDeploymentPostprocessing = 0;
			shellPath = /bin/sh;
			shellScript = "diff \"${PODS_ROOT}/../Podfile.lock\" \"${PODS_ROOT}/Manifest.lock\" > /dev/null\nif [ $? != 0 ] ; then\n    # print error to STDERR\n    echo \"error: The sandbox is not in sync with the Podfile.lock. Run 'pod install' or update your CocoaPods installation.\" >&2\n    exit 1\nfi\n";
			showEnvVarsInLog = 0;
		};
		C8471602E50DF9F20E5A3BF7 /* [CP] Check Pods Manifest.lock */ = {
			isa = PBXShellScriptBuildPhase;
			buildActionMask = 2147483647;
			files = (
			);
			inputPaths = (
			);
			name = "[CP] Check Pods Manifest.lock";
			outputPaths = (
			);
			runOnlyForDeploymentPostprocessing = 0;
			shellPath = /bin/sh;
			shellScript = "diff \"${PODS_ROOT}/../Podfile.lock\" \"${PODS_ROOT}/Manifest.lock\" > /dev/null\nif [ $? != 0 ] ; then\n    # print error to STDERR\n    echo \"error: The sandbox is not in sync with the Podfile.lock. Run 'pod install' or update your CocoaPods installation.\" >&2\n    exit 1\nfi\n";
			showEnvVarsInLog = 0;
		};
/* End PBXShellScriptBuildPhase section */

/* Begin PBXSourcesBuildPhase section */
		E88BA5431DF53C1300714C65 /* Sources */ = {
			isa = PBXSourcesBuildPhase;
			buildActionMask = 2147483647;
			files = (
				E88BA54B1DF53C1300714C65 /* AppDelegate.swift in Sources */,
				E84AE9DE1E07F5EE00C5E7F3 /* PreferencesTVC.swift in Sources */,
				E84AE9DA1E07F53300C5E7F3 /* AccountTVC.swift in Sources */,
				E84AE9E31E0821B900C5E7F3 /* AITextField.swift in Sources */,
				E84AE9D51E07F4B100C5E7F3 /* ForgotPasswordVC.swift in Sources */,
				E88BA57C1DF53D1500714C65 /* LandingVC.swift in Sources */,
				E84AE9D31E07F47E00C5E7F3 /* WelcomePageVC.swift in Sources */,
				E84AE9CC1E07F2CA00C5E7F3 /* LoginVC.swift in Sources */,
				E84AE9DC1E07F57800C5E7F3 /* PersonalInformationTVC.swift in Sources */,
				E84AE9D01E07F37D00C5E7F3 /* SignupAdditionalFieldsTVC.swift in Sources */,
				E84AE9CE1E07F35B00C5E7F3 /* SignupTVC.swift in Sources */,
				E84AE9D71E07F4BC00C5E7F3 /* ResetPasswordVC.swift in Sources */,
				E826FBCD1E0917BD0089AEA6 /* AppHelper.swift in Sources */,
			);
			runOnlyForDeploymentPostprocessing = 0;
		};
		E88BA5571DF53C1300714C65 /* Sources */ = {
			isa = PBXSourcesBuildPhase;
			buildActionMask = 2147483647;
			files = (
				E88BA5601DF53C1300714C65 /* Snap2SaveTests.swift in Sources */,
			);
			runOnlyForDeploymentPostprocessing = 0;
		};
		E88BA5621DF53C1300714C65 /* Sources */ = {
			isa = PBXSourcesBuildPhase;
			buildActionMask = 2147483647;
			files = (
				E88BA56B1DF53C1300714C65 /* Snap2SaveUITests.swift in Sources */,
			);
			runOnlyForDeploymentPostprocessing = 0;
		};
/* End PBXSourcesBuildPhase section */

/* Begin PBXTargetDependency section */
		E88BA55D1DF53C1300714C65 /* PBXTargetDependency */ = {
			isa = PBXTargetDependency;
			target = E88BA5461DF53C1300714C65 /* Snap2Save */;
			targetProxy = E88BA55C1DF53C1300714C65 /* PBXContainerItemProxy */;
		};
		E88BA5681DF53C1300714C65 /* PBXTargetDependency */ = {
			isa = PBXTargetDependency;
			target = E88BA5461DF53C1300714C65 /* Snap2Save */;
			targetProxy = E88BA5671DF53C1300714C65 /* PBXContainerItemProxy */;
		};
/* End PBXTargetDependency section */

/* Begin PBXVariantGroup section */
		E88BA54E1DF53C1300714C65 /* Main.storyboard */ = {
			isa = PBXVariantGroup;
			children = (
				E88BA54F1DF53C1300714C65 /* Base */,
				E88BA5961DF5B1CA00714C65 /* es */,
			);
			name = Main.storyboard;
			sourceTree = "<group>";
		};
		E88BA5531DF53C1300714C65 /* LaunchScreen.storyboard */ = {
			isa = PBXVariantGroup;
			children = (
				E88BA5541DF53C1300714C65 /* Base */,
				E88BA5971DF5B1CA00714C65 /* es */,
			);
			name = LaunchScreen.storyboard;
			sourceTree = "<group>";
		};
		E88BA59C1DF5B25D00714C65 /* Localizable.strings */ = {
			isa = PBXVariantGroup;
			children = (
				E88BA59B1DF5B25D00714C65 /* en */,
				E88BA59D1DF5B26100714C65 /* es */,
			);
			name = Localizable.strings;
			sourceTree = "<group>";
		};
/* End PBXVariantGroup section */

/* Begin XCBuildConfiguration section */
		E88BA56D1DF53C1300714C65 /* Debug */ = {
			isa = XCBuildConfiguration;
			buildSettings = {
				ALWAYS_SEARCH_USER_PATHS = NO;
				CLANG_ANALYZER_LOCALIZABILITY_NONLOCALIZED = YES;
				CLANG_ANALYZER_NONNULL = YES;
				CLANG_CXX_LANGUAGE_STANDARD = "gnu++0x";
				CLANG_CXX_LIBRARY = "libc++";
				CLANG_ENABLE_MODULES = YES;
				CLANG_ENABLE_OBJC_ARC = YES;
				CLANG_WARN_BOOL_CONVERSION = YES;
				CLANG_WARN_CONSTANT_CONVERSION = YES;
				CLANG_WARN_DIRECT_OBJC_ISA_USAGE = YES_ERROR;
				CLANG_WARN_DOCUMENTATION_COMMENTS = YES;
				CLANG_WARN_EMPTY_BODY = YES;
				CLANG_WARN_ENUM_CONVERSION = YES;
				CLANG_WARN_INFINITE_RECURSION = YES;
				CLANG_WARN_INT_CONVERSION = YES;
				CLANG_WARN_OBJC_ROOT_CLASS = YES_ERROR;
				CLANG_WARN_SUSPICIOUS_MOVE = YES;
				CLANG_WARN_SUSPICIOUS_MOVES = YES;
				CLANG_WARN_UNREACHABLE_CODE = YES;
				CLANG_WARN__DUPLICATE_METHOD_MATCH = YES;
				"CODE_SIGN_IDENTITY[sdk=iphoneos*]" = "iPhone Developer";
				COPY_PHASE_STRIP = NO;
				DEBUG_INFORMATION_FORMAT = dwarf;
				ENABLE_STRICT_OBJC_MSGSEND = YES;
				ENABLE_TESTABILITY = YES;
				GCC_C_LANGUAGE_STANDARD = gnu99;
				GCC_DYNAMIC_NO_PIC = NO;
				GCC_NO_COMMON_BLOCKS = YES;
				GCC_OPTIMIZATION_LEVEL = 0;
				GCC_PREPROCESSOR_DEFINITIONS = (
					"DEBUG=1",
					"$(inherited)",
				);
				GCC_WARN_64_TO_32_BIT_CONVERSION = YES;
				GCC_WARN_ABOUT_RETURN_TYPE = YES_ERROR;
				GCC_WARN_UNDECLARED_SELECTOR = YES;
				GCC_WARN_UNINITIALIZED_AUTOS = YES_AGGRESSIVE;
				GCC_WARN_UNUSED_FUNCTION = YES;
				GCC_WARN_UNUSED_VARIABLE = YES;
				IPHONEOS_DEPLOYMENT_TARGET = 10.1;
				MTL_ENABLE_DEBUG_INFO = YES;
				ONLY_ACTIVE_ARCH = YES;
				SDKROOT = iphoneos;
				SWIFT_ACTIVE_COMPILATION_CONDITIONS = DEBUG;
				SWIFT_OPTIMIZATION_LEVEL = "-Onone";
				TARGETED_DEVICE_FAMILY = "1,2";
			};
			name = Debug;
		};
		E88BA56E1DF53C1300714C65 /* Release */ = {
			isa = XCBuildConfiguration;
			buildSettings = {
				ALWAYS_SEARCH_USER_PATHS = NO;
				CLANG_ANALYZER_LOCALIZABILITY_NONLOCALIZED = YES;
				CLANG_ANALYZER_NONNULL = YES;
				CLANG_CXX_LANGUAGE_STANDARD = "gnu++0x";
				CLANG_CXX_LIBRARY = "libc++";
				CLANG_ENABLE_MODULES = YES;
				CLANG_ENABLE_OBJC_ARC = YES;
				CLANG_WARN_BOOL_CONVERSION = YES;
				CLANG_WARN_CONSTANT_CONVERSION = YES;
				CLANG_WARN_DIRECT_OBJC_ISA_USAGE = YES_ERROR;
				CLANG_WARN_DOCUMENTATION_COMMENTS = YES;
				CLANG_WARN_EMPTY_BODY = YES;
				CLANG_WARN_ENUM_CONVERSION = YES;
				CLANG_WARN_INFINITE_RECURSION = YES;
				CLANG_WARN_INT_CONVERSION = YES;
				CLANG_WARN_OBJC_ROOT_CLASS = YES_ERROR;
				CLANG_WARN_SUSPICIOUS_MOVE = YES;
				CLANG_WARN_SUSPICIOUS_MOVES = YES;
				CLANG_WARN_UNREACHABLE_CODE = YES;
				CLANG_WARN__DUPLICATE_METHOD_MATCH = YES;
				"CODE_SIGN_IDENTITY[sdk=iphoneos*]" = "iPhone Developer";
				COPY_PHASE_STRIP = NO;
				DEBUG_INFORMATION_FORMAT = "dwarf-with-dsym";
				ENABLE_NS_ASSERTIONS = NO;
				ENABLE_STRICT_OBJC_MSGSEND = YES;
				GCC_C_LANGUAGE_STANDARD = gnu99;
				GCC_NO_COMMON_BLOCKS = YES;
				GCC_WARN_64_TO_32_BIT_CONVERSION = YES;
				GCC_WARN_ABOUT_RETURN_TYPE = YES_ERROR;
				GCC_WARN_UNDECLARED_SELECTOR = YES;
				GCC_WARN_UNINITIALIZED_AUTOS = YES_AGGRESSIVE;
				GCC_WARN_UNUSED_FUNCTION = YES;
				GCC_WARN_UNUSED_VARIABLE = YES;
				IPHONEOS_DEPLOYMENT_TARGET = 10.1;
				MTL_ENABLE_DEBUG_INFO = NO;
				SDKROOT = iphoneos;
				SWIFT_OPTIMIZATION_LEVEL = "-Owholemodule";
				TARGETED_DEVICE_FAMILY = "1,2";
				VALIDATE_PRODUCT = YES;
			};
			name = Release;
		};
		E88BA5701DF53C1300714C65 /* Debug */ = {
			isa = XCBuildConfiguration;
			baseConfigurationReference = 23C55B236A435BA0D7B2F840 /* Pods-Snap2Save.debug.xcconfig */;
			buildSettings = {
				ALWAYS_EMBED_SWIFT_STANDARD_LIBRARIES = YES;
				ASSETCATALOG_COMPILER_APPICON_NAME = AppIcon;
				DEVELOPMENT_TEAM = U76Y58U2TN;
				INFOPLIST_FILE = Snap2Save/Info.plist;
				IPHONEOS_DEPLOYMENT_TARGET = 8.3;
				LD_RUNPATH_SEARCH_PATHS = "$(inherited) @executable_path/Frameworks";
				PRODUCT_BUNDLE_IDENTIFIER = com.appit.Snap2Save;
				PRODUCT_NAME = "$(TARGET_NAME)";
				SWIFT_VERSION = 3.0;
				TARGETED_DEVICE_FAMILY = 1;
			};
			name = Debug;
		};
		E88BA5711DF53C1300714C65 /* Release */ = {
			isa = XCBuildConfiguration;
			baseConfigurationReference = 390369A27A4965626A26EA86 /* Pods-Snap2Save.release.xcconfig */;
			buildSettings = {
				ALWAYS_EMBED_SWIFT_STANDARD_LIBRARIES = YES;
				ASSETCATALOG_COMPILER_APPICON_NAME = AppIcon;
				DEVELOPMENT_TEAM = U76Y58U2TN;
				INFOPLIST_FILE = Snap2Save/Info.plist;
				IPHONEOS_DEPLOYMENT_TARGET = 8.3;
				LD_RUNPATH_SEARCH_PATHS = "$(inherited) @executable_path/Frameworks";
				PRODUCT_BUNDLE_IDENTIFIER = com.appit.Snap2Save;
				PRODUCT_NAME = "$(TARGET_NAME)";
				SWIFT_VERSION = 3.0;
				TARGETED_DEVICE_FAMILY = 1;
			};
			name = Release;
		};
		E88BA5731DF53C1300714C65 /* Debug */ = {
			isa = XCBuildConfiguration;
			baseConfigurationReference = 46C44F5042A0C6D237EF6803 /* Pods-Snap2SaveTests.debug.xcconfig */;
			buildSettings = {
				ALWAYS_EMBED_SWIFT_STANDARD_LIBRARIES = YES;
				BUNDLE_LOADER = "$(TEST_HOST)";
				INFOPLIST_FILE = Snap2SaveTests/Info.plist;
				LD_RUNPATH_SEARCH_PATHS = "$(inherited) @executable_path/Frameworks @loader_path/Frameworks";
				PRODUCT_BUNDLE_IDENTIFIER = com.appit.Snap2SaveTests;
				PRODUCT_NAME = "$(TARGET_NAME)";
				SWIFT_VERSION = 3.0;
				TEST_HOST = "$(BUILT_PRODUCTS_DIR)/Snap2Save.app/Snap2Save";
			};
			name = Debug;
		};
		E88BA5741DF53C1300714C65 /* Release */ = {
			isa = XCBuildConfiguration;
			baseConfigurationReference = 01D642EF4D8FB61B5E3AF801 /* Pods-Snap2SaveTests.release.xcconfig */;
			buildSettings = {
				ALWAYS_EMBED_SWIFT_STANDARD_LIBRARIES = YES;
				BUNDLE_LOADER = "$(TEST_HOST)";
				INFOPLIST_FILE = Snap2SaveTests/Info.plist;
				LD_RUNPATH_SEARCH_PATHS = "$(inherited) @executable_path/Frameworks @loader_path/Frameworks";
				PRODUCT_BUNDLE_IDENTIFIER = com.appit.Snap2SaveTests;
				PRODUCT_NAME = "$(TARGET_NAME)";
				SWIFT_VERSION = 3.0;
				TEST_HOST = "$(BUILT_PRODUCTS_DIR)/Snap2Save.app/Snap2Save";
			};
			name = Release;
		};
		E88BA5761DF53C1300714C65 /* Debug */ = {
			isa = XCBuildConfiguration;
			baseConfigurationReference = EFDB6F762935CD4621302544 /* Pods-Snap2SaveUITests.debug.xcconfig */;
			buildSettings = {
				ALWAYS_EMBED_SWIFT_STANDARD_LIBRARIES = YES;
				INFOPLIST_FILE = Snap2SaveUITests/Info.plist;
				LD_RUNPATH_SEARCH_PATHS = "$(inherited) @executable_path/Frameworks @loader_path/Frameworks";
				PRODUCT_BUNDLE_IDENTIFIER = com.appit.Snap2SaveUITests;
				PRODUCT_NAME = "$(TARGET_NAME)";
				SWIFT_VERSION = 3.0;
				TEST_TARGET_NAME = Snap2Save;
			};
			name = Debug;
		};
		E88BA5771DF53C1300714C65 /* Release */ = {
			isa = XCBuildConfiguration;
			baseConfigurationReference = CF7E97EAA3E320EEC646D6B9 /* Pods-Snap2SaveUITests.release.xcconfig */;
			buildSettings = {
				ALWAYS_EMBED_SWIFT_STANDARD_LIBRARIES = YES;
				INFOPLIST_FILE = Snap2SaveUITests/Info.plist;
				LD_RUNPATH_SEARCH_PATHS = "$(inherited) @executable_path/Frameworks @loader_path/Frameworks";
				PRODUCT_BUNDLE_IDENTIFIER = com.appit.Snap2SaveUITests;
				PRODUCT_NAME = "$(TARGET_NAME)";
				SWIFT_VERSION = 3.0;
				TEST_TARGET_NAME = Snap2Save;
			};
			name = Release;
		};
/* End XCBuildConfiguration section */

/* Begin XCConfigurationList section */
		E88BA5421DF53C1300714C65 /* Build configuration list for PBXProject "Snap2Save" */ = {
			isa = XCConfigurationList;
			buildConfigurations = (
				E88BA56D1DF53C1300714C65 /* Debug */,
				E88BA56E1DF53C1300714C65 /* Release */,
			);
			defaultConfigurationIsVisible = 0;
			defaultConfigurationName = Release;
		};
		E88BA56F1DF53C1300714C65 /* Build configuration list for PBXNativeTarget "Snap2Save" */ = {
			isa = XCConfigurationList;
			buildConfigurations = (
				E88BA5701DF53C1300714C65 /* Debug */,
				E88BA5711DF53C1300714C65 /* Release */,
			);
			defaultConfigurationIsVisible = 0;
			defaultConfigurationName = Release;
		};
		E88BA5721DF53C1300714C65 /* Build configuration list for PBXNativeTarget "Snap2SaveTests" */ = {
			isa = XCConfigurationList;
			buildConfigurations = (
				E88BA5731DF53C1300714C65 /* Debug */,
				E88BA5741DF53C1300714C65 /* Release */,
			);
			defaultConfigurationIsVisible = 0;
			defaultConfigurationName = Release;
		};
		E88BA5751DF53C1300714C65 /* Build configuration list for PBXNativeTarget "Snap2SaveUITests" */ = {
			isa = XCConfigurationList;
			buildConfigurations = (
				E88BA5761DF53C1300714C65 /* Debug */,
				E88BA5771DF53C1300714C65 /* Release */,
			);
			defaultConfigurationIsVisible = 0;
			defaultConfigurationName = Release;
		};
/* End XCConfigurationList section */
	};
	rootObject = E88BA53F1DF53C1300714C65 /* Project object */;
}
